{
  "version": 4,
  "terraform_version": "0.14.5",
  "serial": 47,
  "lineage": "ab3dd628-f352-7860-ca01-a43d680005c2",
  "outputs": {
    "project": {
      "value": "bcm-pcidss-devops-jenkins",
      "type": "string"
    }
  },
  "resources": [
    {
      "mode": "data",
      "type": "google_client_config",
      "name": "current",
      "provider": "provider[\"registry.terraform.io/hashicorp/google\"]",
      "instances": [
        {
          "schema_version": 0,
          "attributes": {
            "access_token": "ya29.c.Ko8BAwhuWL6pbxDG9OO2rlFxhCG5z-QEMqLe3j9H3ZJ9k19Xnqzh8jadcFAmcBYMyVJSwo3jof95hV566Hr52f80fjgwaDv9GQIZ4vNwKFkmxg8owMBlu6OENmg3xrfdK0JfDXHQzZGU1GT0j1B24twHXNTenjyBDQUXYAAU39FHnDEc--2N2Ix-Kb7CX3VpXwM",
            "id": "projects/bcm-pcidss-devops-jenkins/regions/us-central1/zones/",
            "project": "bcm-pcidss-devops-jenkins",
            "region": "us-central1",
            "zone": ""
          },
          "sensitive_attributes": []
        }
      ]
    },
    {
      "mode": "data",
      "type": "google_project",
      "name": "project",
      "provider": "provider[\"registry.terraform.io/hashicorp/google\"]",
      "instances": [
        {
          "schema_version": 0,
          "attributes": {
            "auto_create_network": null,
            "billing_account": "01C32C-7B2BAF-47FE5A",
            "folder_id": "737131634963",
            "id": "projects/bcm-pcidss-devops-jenkins",
            "labels": {},
            "name": "BCM PCIDSS DevOps Jenkins",
            "number": "537676479365",
            "org_id": "",
            "project_id": "bcm-pcidss-devops-jenkins",
            "skip_delete": null
          },
          "sensitive_attributes": []
        }
      ]
    },
    {
      "module": "module.acm-primary.module.acm_operator",
      "mode": "data",
      "type": "template_file",
      "name": "k8sop_config",
      "provider": "provider[\"registry.terraform.io/hashicorp/template\"]",
      "instances": [
        {
          "schema_version": 0,
          "attributes": {
            "filename": null,
            "id": "ba99bbee151b3ae10a705a0d4533afc763fa2f106687bf0a0342bb15abbb6367",
            "rendered": "apiVersion: configmanagement.gke.io/v1\nkind: ConfigManagement\nmetadata:\n  name: config-management\nspec:\n  # clusterName is required and must be unique among all managed clusters\n  clusterName: primary\n  policyController:\n    enabled: true\n    templateLibraryInstalled: true\n    logDeniesEnabled: false\n  git:\n    syncRepo: https://github.com/GoogleCloudPlatform/csp-config-management/\n    secretType: ssh\n    policyDir: foo-corp\n    syncBranch: 1.0.0\n    \n  \n  \n",
            "template": "apiVersion: configmanagement.gke.io/v1\nkind: ConfigManagement\nmetadata:\n  name: config-management\nspec:\n  # clusterName is required and must be unique among all managed clusters\n  clusterName: ${cluster_name}\n  policyController:\n    enabled: ${enable_policy_controller}\n    templateLibraryInstalled: ${install_template_library}\n    logDeniesEnabled: ${enable_log_denies}\n%{ if enable_multi_repo ~}\n  enableMultiRepo: true\n%{ else ~}\n  git:\n    syncRepo: ${sync_repo}\n    secretType: ${secret_type}\n    ${policy_dir_node}\n    ${sync_branch_node}\n    ${sync_revision_node}\n  ${source_format_node}\n%{ endif ~}\n  ${hierarchy_controller_map_node}\n",
            "vars": {
              "cluster_name": "primary",
              "enable_log_denies": "false",
              "enable_multi_repo": "false",
              "enable_policy_controller": "true",
              "hierarchy_controller_map_node": "",
              "install_template_library": "true",
              "policy_dir_node": "policyDir: foo-corp",
              "secret_type": "ssh",
              "source_format_node": "",
              "sync_branch_node": "syncBranch: 1.0.0",
              "sync_repo": "https://github.com/GoogleCloudPlatform/csp-config-management/",
              "sync_revision_node": ""
            }
          },
          "sensitive_attributes": []
        }
      ]
    },
    {
      "module": "module.acm-primary.module.acm_operator",
      "mode": "data",
      "type": "template_file",
      "name": "rootsync_config",
      "provider": "provider[\"registry.terraform.io/hashicorp/template\"]",
      "instances": [
        {
          "schema_version": 0,
          "attributes": {
            "filename": null,
            "id": "e8b5b665dfcc74f45828c228e79191cbd159c7ac8eb649191272875ae6719d64",
            "rendered": "apiVersion: configsync.gke.io/v1beta1\nkind: RootSync\nmetadata:\n  name: root-sync\n  namespace: config-management-system\nspec:\n  \n  git:\n    repo: https://github.com/GoogleCloudPlatform/csp-config-management/\n    auth: ssh\n    policyDir: foo-corp\n    syncBranch: 1.0.0\n    \n    secretRef:\n      name: git-creds\n",
            "template": "apiVersion: configsync.gke.io/v1beta1\nkind: RootSync\nmetadata:\n  name: root-sync\n  namespace: config-management-system\nspec:\n  ${source_format_node}\n  git:\n    repo: ${sync_repo}\n    auth: ${secret_type}\n    ${policy_dir_node}\n    ${sync_branch_node}\n    ${sync_revision_node}\n    ${secret_ref_node}\n",
            "vars": {
              "policy_dir_node": "policyDir: foo-corp",
              "secret_ref_node": "secretRef:\n      name: git-creds",
              "secret_type": "ssh",
              "source_format_node": "",
              "sync_branch_node": "syncBranch: 1.0.0",
              "sync_repo": "https://github.com/GoogleCloudPlatform/csp-config-management/",
              "sync_revision_node": ""
            }
          },
          "sensitive_attributes": []
        }
      ]
    },
    {
      "module": "module.acm-primary.module.acm_operator",
      "mode": "managed",
      "type": "tls_private_key",
      "name": "k8sop_creds",
      "provider": "provider[\"registry.terraform.io/hashicorp/tls\"]",
      "instances": [
        {
          "index_key": 0,
          "schema_version": 0,
          "attributes": {
            "algorithm": "RSA",
            "ecdsa_curve": "P224",
            "id": "b193aee463b77bcc3b40c18d3c9c517ab3e8089f",
            "private_key_pem": "-----BEGIN RSA PRIVATE KEY-----\nMIIJKAIBAAKCAgEAyXws8+S3irAJJwG8nsr9UUdq58oG7YOtn9/KIh3UgB/dGGri\nXVWxUvpVgwz8COLxEg8vvkPzseEz8XqhMnsxgVTL+YVpj/cyOsoOkGKI40HdUe5S\nyEt0jf91BqsJFkgffJqPlOXfYtWC2MG27iAlPYv/vS/+ygK+fQ7Gr2Kp0g/uGT9x\nX4DSDOITHucJ1uhp/a86vIFWYqQyY19mCbM7sZBSLQJeEtSzZn6OusSQG7s9beya\ne8i1VyJ7V2pnzd6ZCy1w8xnQdIHJjaUcp7jZGge1jw63KvWc1blMxfaAavlrVaCc\nyX8E2a+IopkfnVoQhUFoTs56tUQA5tM7WzZZE9xlgNyT39adxyHdacRdLaH9dJv0\naSKwJF1K8NqU7BaGQMqgXZ5MSaXOG+flNz+eBO7MSMDNIKa47RoZ0ttwWCAfT9Jf\n/AZjOfvdho22F8F6R1lo/1VaXoXVWMs6rqwyaJcwerAC4BxasklLyJXawZEhtKD5\nPzDpfKorjazI0zVq1ERu545gHZI9av/sp1Qoktnvuvn4uLzroWrcZ6vA7kTw5HSO\nviwMrqRYDLTZZJvYy8/Sv0VQpMzvmF4HnEeuupZo50uhj1ohO1QY2lrQhJWZ5Cel\nEQyKPCPHOyUyons2LQpO5xKThzBTBqMpK9TsSIVdjyccxAE7eHyf/hnUsR8CAwEA\nAQKCAgBy2v2JHrVeMtFU0hGi95YF8k9HyIvAc5LTEzBX2Gddjkxr8eoOSJ4n7ho2\n9Xzq1+uSXuPZc0UE/pqsqjof28gxsJQCLoIplkGk76/zsKfV3KL8ZH3+Pb04gQpF\n/dPVRtHkJvt4Zr27ynindW4BOoPgHOFxCF4W7A+InJa4PecOnxQcgmTvizCyNWGu\n+QdL4fshqPUzpgsHehBbQ3OYTfrWUq31iGb2FxgZckWMxCZeGJOBCSJbM+Pjwv1K\nrJZ17dGSZJoBipKhB6dMvnWiSqY/x2tBHKNfstlvoAzawJUd5gbArikSV/z81qpt\n/hneigvm2o1KdzvN/vEApCMu8ME/pTHRZCcwFTIT31/AKf4pSQebYM33htdGkwP2\ntH19aE0cxwTisesSPVJHyTO3CM9WXQfbQzyvsqWBPUYb/xLYBVMXcCdqUbO4XWrc\na4qts84qwI4PSVkfDLwec1iMT5RR/YGlQTeyk3PUguntSxbOq1jAZNTR6zsQmdkf\nImROighksgSqcVswgjnW8wLM2VczD9D+hGyI/H5AN2oNMi5oX+Pdw1JhvRN/rk8Q\n6DtffSaoX9KNWcJjNMnfGmkcHMq87ujhr9um/jgpFIzZyMwQY553D2UktFwbsAlI\n9NcO06NHzGkGaTKV03xdimGvijPWC/JCZIBPbWQtLRK6NvUsSQKCAQEA4tf3AT4l\nANOQZx1FGnH3eFm4MSLv1yM7iLu194HBTv4ZO77+2/FdWiOic08ipQmInN6TsbOT\nL6KGq1vjmHJewXyZkyvlOzCRk3ug+TZ2EWJWLOtMDUsZ3ITLAT/NGPEqDh/C9B68\nYqnnPXlqMmP8Ipi+Fa6s5Uaf40zvB6MRcv01xSuW4Df66DGiKKzHi2PTq5PtU5G8\n7oV1fKq5JYfhibr33Qc6IW3d9hrkiIckTLYaj8kKvBtTaSdBYbB6SDRcrhnFGJn9\n6mKCoaZhwYHzsWZO1mK3T9GltjXVli+5lLk4V/8Dn+B7kPoLzoEyppCRFQ+idt13\nttwaqhQsQsuNDQKCAQEA42HQ46gYLSMB01w3pZC1qF6ETMSaSLcCC5ZykthjPPAX\nd7wymn1ELqKs9jsXn0V51IAINm0gE9lkyh3haWMpzvB3049DpiH/xnp8A/5p4pxM\nwinCVV8B2eWyHg1wnKwxcQzOfeeGrGakqt7b+RKJFpTHR2Vb/VVj1P6PG2yeS7sY\nNsvHNqjkvimSI42U6eLRwgczbuPvVaobzVd3/bYflI3urjzBXhvYpry6J8FykXBK\n5iCuI/jkt0IkezmysdBFUsbQZ1T0IgmRi1O8UufzFQMqizV0HZhcPHTuh/JH/J0n\nBd1u+4rgVAt+CTL0deUj70qj0kPHrW1ZMgIQMwNj2wKCAQB1qeQbpup2tUav1cTk\nZL0ilhculZqmk0XsNMG8cnecy7y2+ukjmNz9RoKbIS8tP/a2t9UQVb9A9CK6e91g\nU+LGpiTa6+fpfdXlFDl5S0CO390nS52VP6FYeyD5suhlyaIw1VTAX7kDzHF/t5zY\nKni8UVI32PUhsDJ7KorKAVGpvaHIdkW6ZA8npachRg3zRYKj+wUdVfkUF/HLCpsi\n1oqscGjlIzyJ3n1FjMmB7+dqSwMYFgYVcG8hmhUV4P5suYxhWkib7DSDAToVM0J9\npzSKjjDSjz3ajzpPezkgv/yZIkIRktuEcGJn3uuE4AsvzskSjZuN4G6aUS0bj38t\n3nt5AoIBAQDQoRttBvrHz2sJZ3+XZiOHjNGPLoTxWxmBUFVn7yt+6jxeHEvB/FXn\nBFP2yVlvRev20lK2vYHFNJ6J5MjCTb46peEMOFM1x9RLZG8Nqw20Yvz62h34/udP\n6rV3ZZWB62yh8cI1O44R+Uv1i+4BpsQp9/CwzYuN8h9bewYLf6nuiog5Hth2ipj2\n8mWoQWv0/azAfqLuiC09SIuh6TOrksN/JottS0mQ87PhqSCVAaYBVCsk469kSiZx\nDzsx5UrUY+h3fvwRE5287VKhp/8PgstC6FjMygr0bKuUvSVvjxoF6pu3gekm29Hg\ny3qlLh+nXMuP78hIUPCRa9d/Tu1WITIpAoIBAE1O7NE86ZEfdBZ7E/QmNu902guO\nbeV448t1GVOoMjyeJYXI/OKN6iGLTkLGfzlgNr5jTEm5NcI8yiwPd6eAOI5NwE0B\nvb83quU0l/z776Om0voG3cb1q0805+YMCRS077o+1WjWW99bhT65hdZ0sJN5mHIM\n8zl1cUI3+xnVAgYUiCYWuSySaUHYbyjsW8TSTF1CgyLCFSNIgFIF2GJpH9JAss5X\nWH+gelYKQq+qt8CzNBhheyb40esAsGHOsh1YHVH5VG6T5p52EOT71Ll4ed92B68A\nrpB1Vlm4CMVPSzRMjjCTaHMcbz1ElSJCcwivD5vpg1uwZQRi5oHbVoebwSU=\n-----END RSA PRIVATE KEY-----\n",
            "public_key_fingerprint_md5": "73:15:a6:bc:65:87:0c:b8:22:1d:a3:41:83:92:5a:08",
            "public_key_openssh": "ssh-rsa AAAAB3NzaC1yc2EAAAADAQABAAACAQDJfCzz5LeKsAknAbyeyv1RR2rnygbtg62f38oiHdSAH90YauJdVbFS+lWDDPwI4vESDy++Q/Ox4TPxeqEyezGBVMv5hWmP9zI6yg6QYojjQd1R7lLIS3SN/3UGqwkWSB98mo+U5d9i1YLYwbbuICU9i/+9L/7KAr59DsavYqnSD+4ZP3FfgNIM4hMe5wnW6Gn9rzq8gVZipDJjX2YJszuxkFItAl4S1LNmfo66xJAbuz1t7Jp7yLVXIntXamfN3pkLLXDzGdB0gcmNpRynuNkaB7WPDrcq9ZzVuUzF9oBq+WtVoJzJfwTZr4iimR+dWhCFQWhOznq1RADm0ztbNlkT3GWA3JPf1p3HId1pxF0tof10m/RpIrAkXUrw2pTsFoZAyqBdnkxJpc4b5+U3P54E7sxIwM0gprjtGhnS23BYIB9P0l/8BmM5+92GjbYXwXpHWWj/VVpehdVYyzqurDJolzB6sALgHFqySUvIldrBkSG0oPk/MOl8qiuNrMjTNWrURG7njmAdkj1q/+ynVCiS2e+6+fi4vOuhatxnq8DuRPDkdI6+LAyupFgMtNlkm9jLz9K/RVCkzO+YXgecR666lmjnS6GPWiE7VBjaWtCElZnkJ6URDIo8I8c7JTKiezYtCk7nEpOHMFMGoykr1OxIhV2PJxzEATt4fJ/+GdSxHw==\n",
            "public_key_pem": "-----BEGIN PUBLIC KEY-----\nMIICIjANBgkqhkiG9w0BAQEFAAOCAg8AMIICCgKCAgEAyXws8+S3irAJJwG8nsr9\nUUdq58oG7YOtn9/KIh3UgB/dGGriXVWxUvpVgwz8COLxEg8vvkPzseEz8XqhMnsx\ngVTL+YVpj/cyOsoOkGKI40HdUe5SyEt0jf91BqsJFkgffJqPlOXfYtWC2MG27iAl\nPYv/vS/+ygK+fQ7Gr2Kp0g/uGT9xX4DSDOITHucJ1uhp/a86vIFWYqQyY19mCbM7\nsZBSLQJeEtSzZn6OusSQG7s9beyae8i1VyJ7V2pnzd6ZCy1w8xnQdIHJjaUcp7jZ\nGge1jw63KvWc1blMxfaAavlrVaCcyX8E2a+IopkfnVoQhUFoTs56tUQA5tM7WzZZ\nE9xlgNyT39adxyHdacRdLaH9dJv0aSKwJF1K8NqU7BaGQMqgXZ5MSaXOG+flNz+e\nBO7MSMDNIKa47RoZ0ttwWCAfT9Jf/AZjOfvdho22F8F6R1lo/1VaXoXVWMs6rqwy\naJcwerAC4BxasklLyJXawZEhtKD5PzDpfKorjazI0zVq1ERu545gHZI9av/sp1Qo\nktnvuvn4uLzroWrcZ6vA7kTw5HSOviwMrqRYDLTZZJvYy8/Sv0VQpMzvmF4HnEeu\nupZo50uhj1ohO1QY2lrQhJWZ5CelEQyKPCPHOyUyons2LQpO5xKThzBTBqMpK9Ts\nSIVdjyccxAE7eHyf/hnUsR8CAwEAAQ==\n-----END PUBLIC KEY-----\n",
            "rsa_bits": 4096
          },
          "sensitive_attributes": [],
          "private": "bnVsbA=="
        }
      ]
    },
    {
      "module": "module.acm-primary.module.acm_operator.module.k8s_operator.module.gcloud_kubectl",
      "mode": "data",
      "type": "external",
      "name": "env_override",
      "provider": "provider[\"registry.terraform.io/hashicorp/external\"]",
      "instances": [
        {
          "index_key": 0,
          "schema_version": 0,
          "attributes": {
            "id": "-",
            "program": [
              ".terraform/modules/acm-primary.acm_operator.k8s_operator/scripts/check_env.sh"
            ],
            "query": null,
            "result": {
              "download": ""
            },
            "working_dir": null
          },
          "sensitive_attributes": []
        }
      ]
    },
    {
      "module": "module.acm-primary.module.acm_operator.module.k8s_operator.module.gcloud_kubectl",
      "mode": "managed",
      "type": "null_resource",
      "name": "additional_components",
      "provider": "provider[\"registry.terraform.io/hashicorp/null\"]",
      "instances": [
        {
          "index_key": 0,
          "schema_version": 0,
          "attributes": {
            "id": "2086489100813830650",
            "triggers": {
              "additional_components_command": ".terraform/modules/acm-primary.acm_operator.k8s_operator/scripts/check_components.sh gcloud kubectl",
              "arguments": "467df381e1984b44c37b6d5cdefa6d3d",
              "md5": "9d060f5e1449d7567eddbefb7e18ef9a"
            }
          },
          "sensitive_attributes": [],
          "private": "bnVsbA==",
          "dependencies": [
            "data.google_client_config.current",
            "data.google_project.project",
            "module.acm-primary.module.acm_operator.module.k8s_operator.module.gcloud_kubectl.data.external.env_override",
            "module.acm-primary.module.acm_operator.module.k8s_operator.module.gcloud_kubectl.null_resource.decompress",
            "module.acm-primary.module.acm_operator.module.k8s_operator.module.gcloud_kubectl.null_resource.download_gcloud",
            "module.acm-primary.module.acm_operator.module.k8s_operator.module.gcloud_kubectl.null_resource.download_jq",
            "module.acm-primary.module.acm_operator.module.k8s_operator.module.gcloud_kubectl.null_resource.module_depends_on",
            "module.acm-primary.module.acm_operator.module.k8s_operator.module.gcloud_kubectl.null_resource.prepare_cache",
            "module.acm-primary.module.acm_operator.module.k8s_operator.module.gcloud_kubectl.null_resource.upgrade",
            "module.acm-primary.module.acm_operator.module.k8s_operator.module.gcloud_kubectl.random_id.cache",
            "module.acm-primary.module.acm_operator.module.k8sop_manifest.data.external.env_override",
            "module.acm-primary.module.acm_operator.module.k8sop_manifest.null_resource.additional_components",
            "module.acm-primary.module.acm_operator.module.k8sop_manifest.null_resource.decompress",
            "module.acm-primary.module.acm_operator.module.k8sop_manifest.null_resource.download_gcloud",
            "module.acm-primary.module.acm_operator.module.k8sop_manifest.null_resource.download_jq",
            "module.acm-primary.module.acm_operator.module.k8sop_manifest.null_resource.gcloud_auth_google_credentials",
            "module.acm-primary.module.acm_operator.module.k8sop_manifest.null_resource.gcloud_auth_service_account_key_file",
            "module.acm-primary.module.acm_operator.module.k8sop_manifest.null_resource.module_depends_on",
            "module.acm-primary.module.acm_operator.module.k8sop_manifest.null_resource.prepare_cache",
            "module.acm-primary.module.acm_operator.module.k8sop_manifest.null_resource.run_command",
            "module.acm-primary.module.acm_operator.module.k8sop_manifest.null_resource.run_destroy_command",
            "module.acm-primary.module.acm_operator.module.k8sop_manifest.null_resource.upgrade",
            "module.acm-primary.module.acm_operator.module.k8sop_manifest.random_id.cache",
            "module.primary-cluster.data.google_compute_zones.available",
            "module.primary-cluster.data.google_container_engine_versions.region",
            "module.primary-cluster.data.google_container_engine_versions.zone",
            "module.primary-cluster.google_container_cluster.primary",
            "module.primary-cluster.google_container_node_pool.pools",
            "module.primary-cluster.google_service_account.cluster_service_account",
            "module.primary-cluster.random_shuffle.available_zones",
            "module.primary-cluster.random_string.cluster_service_account_suffix",
            "module.project-services.google_project_service.project_services"
          ]
        }
      ]
    },
    {
      "module": "module.acm-primary.module.acm_operator.module.k8s_operator.module.gcloud_kubectl",
      "mode": "managed",
      "type": "null_resource",
      "name": "additional_components_destroy",
      "provider": "provider[\"registry.terraform.io/hashicorp/null\"]",
      "instances": [
        {
          "index_key": 0,
          "schema_version": 0,
          "attributes": {
            "id": "2330508198490634320",
            "triggers": {
              "additional_components_command": ".terraform/modules/acm-primary.acm_operator.k8s_operator/scripts/check_components.sh gcloud kubectl"
            }
          },
          "sensitive_attributes": [],
          "private": "bnVsbA==",
          "dependencies": [
            "data.google_client_config.current",
            "data.google_project.project",
            "module.acm-primary.module.acm_operator.module.k8s_operator.module.gcloud_kubectl.data.external.env_override",
            "module.acm-primary.module.acm_operator.module.k8s_operator.module.gcloud_kubectl.null_resource.additional_components",
            "module.acm-primary.module.acm_operator.module.k8s_operator.module.gcloud_kubectl.null_resource.decompress",
            "module.acm-primary.module.acm_operator.module.k8s_operator.module.gcloud_kubectl.null_resource.download_gcloud",
            "module.acm-primary.module.acm_operator.module.k8s_operator.module.gcloud_kubectl.null_resource.download_jq",
            "module.acm-primary.module.acm_operator.module.k8s_operator.module.gcloud_kubectl.null_resource.gcloud_auth_google_credentials",
            "module.acm-primary.module.acm_operator.module.k8s_operator.module.gcloud_kubectl.null_resource.gcloud_auth_service_account_key_file",
            "module.acm-primary.module.acm_operator.module.k8s_operator.module.gcloud_kubectl.null_resource.module_depends_on",
            "module.acm-primary.module.acm_operator.module.k8s_operator.module.gcloud_kubectl.null_resource.prepare_cache",
            "module.acm-primary.module.acm_operator.module.k8s_operator.module.gcloud_kubectl.null_resource.run_destroy_command",
            "module.acm-primary.module.acm_operator.module.k8s_operator.module.gcloud_kubectl.null_resource.upgrade",
            "module.acm-primary.module.acm_operator.module.k8s_operator.module.gcloud_kubectl.random_id.cache",
            "module.acm-primary.module.acm_operator.module.k8sop_manifest.data.external.env_override",
            "module.acm-primary.module.acm_operator.module.k8sop_manifest.null_resource.additional_components",
            "module.acm-primary.module.acm_operator.module.k8sop_manifest.null_resource.decompress",
            "module.acm-primary.module.acm_operator.module.k8sop_manifest.null_resource.download_gcloud",
            "module.acm-primary.module.acm_operator.module.k8sop_manifest.null_resource.download_jq",
            "module.acm-primary.module.acm_operator.module.k8sop_manifest.null_resource.gcloud_auth_google_credentials",
            "module.acm-primary.module.acm_operator.module.k8sop_manifest.null_resource.gcloud_auth_service_account_key_file",
            "module.acm-primary.module.acm_operator.module.k8sop_manifest.null_resource.module_depends_on",
            "module.acm-primary.module.acm_operator.module.k8sop_manifest.null_resource.prepare_cache",
            "module.acm-primary.module.acm_operator.module.k8sop_manifest.null_resource.run_command",
            "module.acm-primary.module.acm_operator.module.k8sop_manifest.null_resource.run_destroy_command",
            "module.acm-primary.module.acm_operator.module.k8sop_manifest.null_resource.upgrade",
            "module.acm-primary.module.acm_operator.module.k8sop_manifest.random_id.cache",
            "module.primary-cluster.data.google_compute_zones.available",
            "module.primary-cluster.data.google_container_engine_versions.region",
            "module.primary-cluster.data.google_container_engine_versions.zone",
            "module.primary-cluster.google_container_cluster.primary",
            "module.primary-cluster.google_container_node_pool.pools",
            "module.primary-cluster.google_service_account.cluster_service_account",
            "module.primary-cluster.random_shuffle.available_zones",
            "module.primary-cluster.random_string.cluster_service_account_suffix",
            "module.project-services.google_project_service.project_services"
          ]
        }
      ]
    },
    {
      "module": "module.acm-primary.module.acm_operator.module.k8s_operator.module.gcloud_kubectl",
      "mode": "managed",
      "type": "null_resource",
      "name": "decompress",
      "provider": "provider[\"registry.terraform.io/hashicorp/null\"]",
      "instances": []
    },
    {
      "module": "module.acm-primary.module.acm_operator.module.k8s_operator.module.gcloud_kubectl",
      "mode": "managed",
      "type": "null_resource",
      "name": "gcloud_auth_google_credentials",
      "provider": "provider[\"registry.terraform.io/hashicorp/null\"]",
      "instances": []
    },
    {
      "module": "module.acm-primary.module.acm_operator.module.k8s_operator.module.gcloud_kubectl",
      "mode": "managed",
      "type": "null_resource",
      "name": "gcloud_auth_service_account_key_file",
      "provider": "provider[\"registry.terraform.io/hashicorp/null\"]",
      "instances": []
    },
    {
      "module": "module.acm-primary.module.acm_operator.module.k8s_operator.module.gcloud_kubectl",
      "mode": "managed",
      "type": "null_resource",
      "name": "module_depends_on",
      "provider": "provider[\"registry.terraform.io/hashicorp/null\"]",
      "instances": [
        {
          "index_key": 0,
          "schema_version": 0,
          "attributes": {
            "id": "7626639235719125018",
            "triggers": {
              "value": "2"
            }
          },
          "sensitive_attributes": [
            [
              {
                "type": "get_attr",
                "value": "triggers"
              },
              {
                "type": "index",
                "value": {
                  "value": "value",
                  "type": "string"
                }
              }
            ]
          ],
          "private": "bnVsbA==",
          "dependencies": [
            "data.google_client_config.current",
            "data.google_project.project",
            "module.acm-primary.module.acm_operator.module.k8sop_manifest.data.external.env_override",
            "module.acm-primary.module.acm_operator.module.k8sop_manifest.null_resource.additional_components",
            "module.acm-primary.module.acm_operator.module.k8sop_manifest.null_resource.decompress",
            "module.acm-primary.module.acm_operator.module.k8sop_manifest.null_resource.download_gcloud",
            "module.acm-primary.module.acm_operator.module.k8sop_manifest.null_resource.download_jq",
            "module.acm-primary.module.acm_operator.module.k8sop_manifest.null_resource.gcloud_auth_google_credentials",
            "module.acm-primary.module.acm_operator.module.k8sop_manifest.null_resource.gcloud_auth_service_account_key_file",
            "module.acm-primary.module.acm_operator.module.k8sop_manifest.null_resource.module_depends_on",
            "module.acm-primary.module.acm_operator.module.k8sop_manifest.null_resource.prepare_cache",
            "module.acm-primary.module.acm_operator.module.k8sop_manifest.null_resource.run_command",
            "module.acm-primary.module.acm_operator.module.k8sop_manifest.null_resource.run_destroy_command",
            "module.acm-primary.module.acm_operator.module.k8sop_manifest.null_resource.upgrade",
            "module.acm-primary.module.acm_operator.module.k8sop_manifest.random_id.cache",
            "module.primary-cluster.data.google_compute_zones.available",
            "module.primary-cluster.data.google_container_engine_versions.region",
            "module.primary-cluster.data.google_container_engine_versions.zone",
            "module.primary-cluster.google_container_cluster.primary",
            "module.primary-cluster.google_container_node_pool.pools",
            "module.primary-cluster.google_service_account.cluster_service_account",
            "module.primary-cluster.random_shuffle.available_zones",
            "module.primary-cluster.random_string.cluster_service_account_suffix",
            "module.project-services.google_project_service.project_services"
          ]
        }
      ]
    },
    {
      "module": "module.acm-primary.module.acm_operator.module.k8s_operator.module.gcloud_kubectl",
      "mode": "managed",
      "type": "null_resource",
      "name": "run_command",
      "provider": "provider[\"registry.terraform.io/hashicorp/null\"]",
      "instances": [
        {
          "index_key": 0,
          "status": "tainted",
          "schema_version": 0,
          "attributes": {
            "id": "5373801850152265857",
            "triggers": {
              "arguments": "467df381e1984b44c37b6d5cdefa6d3d",
              "create_cmd_body": "primary us-central1-a bcm-pcidss-devops-jenkins false false kubectl apply -f config-management-operator.yaml",
              "create_cmd_entrypoint": ".terraform/modules/acm-primary.acm_operator.k8s_operator/modules/kubectl-wrapper/scripts/kubectl_wrapper.sh",
              "gcloud_bin_abs_path": "/google-cloud-sdk/bin",
              "md5": "9d060f5e1449d7567eddbefb7e18ef9a"
            }
          },
          "sensitive_attributes": [],
          "private": "bnVsbA==",
          "dependencies": [
            "data.google_client_config.current",
            "module.acm-primary.module.acm_operator.module.k8s_operator.module.gcloud_kubectl.data.external.env_override",
            "module.acm-primary.module.acm_operator.module.k8s_operator.module.gcloud_kubectl.null_resource.additional_components",
            "module.acm-primary.module.acm_operator.module.k8s_operator.module.gcloud_kubectl.null_resource.decompress",
            "module.acm-primary.module.acm_operator.module.k8s_operator.module.gcloud_kubectl.null_resource.gcloud_auth_google_credentials",
            "module.acm-primary.module.acm_operator.module.k8s_operator.module.gcloud_kubectl.null_resource.gcloud_auth_service_account_key_file",
            "module.acm-primary.module.acm_operator.module.k8s_operator.module.gcloud_kubectl.null_resource.module_depends_on",
            "module.acm-primary.module.acm_operator.module.k8s_operator.module.gcloud_kubectl.random_id.cache",
            "module.acm-primary.module.acm_operator.module.k8sop_manifest.null_resource.additional_components",
            "module.acm-primary.module.acm_operator.module.k8sop_manifest.null_resource.gcloud_auth_google_credentials",
            "module.acm-primary.module.acm_operator.module.k8sop_manifest.null_resource.gcloud_auth_service_account_key_file",
            "module.acm-primary.module.acm_operator.module.k8sop_manifest.null_resource.run_command",
            "module.acm-primary.module.acm_operator.module.k8sop_manifest.null_resource.run_destroy_command",
            "module.primary-cluster.google_container_cluster.primary",
            "module.primary-cluster.google_container_node_pool.pools"
          ]
        }
      ]
    },
    {
      "module": "module.acm-primary.module.acm_operator.module.k8s_operator.module.gcloud_kubectl",
      "mode": "managed",
      "type": "null_resource",
      "name": "run_destroy_command",
      "provider": "provider[\"registry.terraform.io/hashicorp/null\"]",
      "instances": [
        {
          "index_key": 0,
          "schema_version": 0,
          "attributes": {
            "id": "228884225228138654",
            "triggers": {
              "destroy_cmd_body": "primary us-central1-a bcm-pcidss-devops-jenkins false false kubectl delete -f config-management-operator.yaml",
              "destroy_cmd_entrypoint": ".terraform/modules/acm-primary.acm_operator.k8s_operator/modules/kubectl-wrapper/scripts/kubectl_wrapper.sh",
              "gcloud_bin_abs_path": "/google-cloud-sdk/bin"
            }
          },
          "sensitive_attributes": [],
          "private": "bnVsbA==",
          "dependencies": [
            "data.google_client_config.current",
            "data.google_project.project",
            "module.acm-primary.module.acm_operator.module.k8s_operator.module.gcloud_kubectl.data.external.env_override",
            "module.acm-primary.module.acm_operator.module.k8s_operator.module.gcloud_kubectl.null_resource.additional_components",
            "module.acm-primary.module.acm_operator.module.k8s_operator.module.gcloud_kubectl.null_resource.decompress",
            "module.acm-primary.module.acm_operator.module.k8s_operator.module.gcloud_kubectl.null_resource.download_gcloud",
            "module.acm-primary.module.acm_operator.module.k8s_operator.module.gcloud_kubectl.null_resource.download_jq",
            "module.acm-primary.module.acm_operator.module.k8s_operator.module.gcloud_kubectl.null_resource.gcloud_auth_google_credentials",
            "module.acm-primary.module.acm_operator.module.k8s_operator.module.gcloud_kubectl.null_resource.gcloud_auth_service_account_key_file",
            "module.acm-primary.module.acm_operator.module.k8s_operator.module.gcloud_kubectl.null_resource.module_depends_on",
            "module.acm-primary.module.acm_operator.module.k8s_operator.module.gcloud_kubectl.null_resource.prepare_cache",
            "module.acm-primary.module.acm_operator.module.k8s_operator.module.gcloud_kubectl.null_resource.upgrade",
            "module.acm-primary.module.acm_operator.module.k8s_operator.module.gcloud_kubectl.random_id.cache",
            "module.acm-primary.module.acm_operator.module.k8sop_manifest.data.external.env_override",
            "module.acm-primary.module.acm_operator.module.k8sop_manifest.null_resource.additional_components",
            "module.acm-primary.module.acm_operator.module.k8sop_manifest.null_resource.decompress",
            "module.acm-primary.module.acm_operator.module.k8sop_manifest.null_resource.download_gcloud",
            "module.acm-primary.module.acm_operator.module.k8sop_manifest.null_resource.download_jq",
            "module.acm-primary.module.acm_operator.module.k8sop_manifest.null_resource.gcloud_auth_google_credentials",
            "module.acm-primary.module.acm_operator.module.k8sop_manifest.null_resource.gcloud_auth_service_account_key_file",
            "module.acm-primary.module.acm_operator.module.k8sop_manifest.null_resource.module_depends_on",
            "module.acm-primary.module.acm_operator.module.k8sop_manifest.null_resource.prepare_cache",
            "module.acm-primary.module.acm_operator.module.k8sop_manifest.null_resource.run_command",
            "module.acm-primary.module.acm_operator.module.k8sop_manifest.null_resource.run_destroy_command",
            "module.acm-primary.module.acm_operator.module.k8sop_manifest.null_resource.upgrade",
            "module.acm-primary.module.acm_operator.module.k8sop_manifest.random_id.cache",
            "module.primary-cluster.data.google_compute_zones.available",
            "module.primary-cluster.data.google_container_engine_versions.region",
            "module.primary-cluster.data.google_container_engine_versions.zone",
            "module.primary-cluster.google_container_cluster.primary",
            "module.primary-cluster.google_container_node_pool.pools",
            "module.primary-cluster.google_service_account.cluster_service_account",
            "module.primary-cluster.random_shuffle.available_zones",
            "module.primary-cluster.random_string.cluster_service_account_suffix",
            "module.project-services.google_project_service.project_services"
          ]
        }
      ]
    },
    {
      "module": "module.acm-primary.module.acm_operator.module.k8s_operator.module.gcloud_kubectl",
      "mode": "managed",
      "type": "null_resource",
      "name": "upgrade",
      "provider": "provider[\"registry.terraform.io/hashicorp/null\"]",
      "instances": []
    },
    {
      "module": "module.acm-primary.module.acm_operator.module.k8s_operator.module.gcloud_kubectl",
      "mode": "managed",
      "type": "random_id",
      "name": "cache",
      "provider": "provider[\"registry.terraform.io/hashicorp/random\"]",
      "instances": []
    },
    {
      "module": "module.acm-primary.module.acm_operator.module.k8sop_config.module.gcloud_kubectl",
      "mode": "data",
      "type": "external",
      "name": "env_override",
      "provider": "provider[\"registry.terraform.io/hashicorp/external\"]",
      "instances": [
        {
          "index_key": 0,
          "schema_version": 0,
          "attributes": {
            "id": "-",
            "program": [
              ".terraform/modules/acm-primary.acm_operator.k8sop_config/scripts/check_env.sh"
            ],
            "query": null,
            "result": {
              "download": ""
            },
            "working_dir": null
          },
          "sensitive_attributes": []
        }
      ]
    },
    {
      "module": "module.acm-primary.module.acm_operator.module.k8sop_config.module.gcloud_kubectl",
      "mode": "managed",
      "type": "null_resource",
      "name": "additional_components",
      "provider": "provider[\"registry.terraform.io/hashicorp/null\"]",
      "instances": [
        {
          "index_key": 0,
          "schema_version": 0,
          "attributes": {
            "id": "8573416557174718515",
            "triggers": {
              "additional_components_command": ".terraform/modules/acm-primary.acm_operator.k8sop_config/scripts/check_components.sh gcloud kubectl",
              "arguments": "236dad516d0b067d68734b2865f1ac16",
              "configmanagement": "apiVersion: configmanagement.gke.io/v1\nkind: ConfigManagement\nmetadata:\n  name: config-management\nspec:\n  # clusterName is required and must be unique among all managed clusters\n  clusterName: primary\n  policyController:\n    enabled: true\n    templateLibraryInstalled: true\n    logDeniesEnabled: false\n  git:\n    syncRepo: https://github.com/GoogleCloudPlatform/csp-config-management/\n    secretType: ssh\n    policyDir: foo-corp\n    syncBranch: 1.0.0\n    \n  \n  \n",
              "md5": "c32998844f6161a58a4509da19b6b495"
            }
          },
          "sensitive_attributes": [],
          "private": "bnVsbA==",
          "dependencies": [
            "data.google_client_config.current",
            "data.google_project.project",
            "module.acm-primary.module.acm_operator.data.template_file.k8sop_config",
            "module.acm-primary.module.acm_operator.module.k8s_operator.module.gcloud_kubectl.data.external.env_override",
            "module.acm-primary.module.acm_operator.module.k8s_operator.module.gcloud_kubectl.null_resource.additional_components",
            "module.acm-primary.module.acm_operator.module.k8s_operator.module.gcloud_kubectl.null_resource.decompress",
            "module.acm-primary.module.acm_operator.module.k8s_operator.module.gcloud_kubectl.null_resource.download_gcloud",
            "module.acm-primary.module.acm_operator.module.k8s_operator.module.gcloud_kubectl.null_resource.download_jq",
            "module.acm-primary.module.acm_operator.module.k8s_operator.module.gcloud_kubectl.null_resource.gcloud_auth_google_credentials",
            "module.acm-primary.module.acm_operator.module.k8s_operator.module.gcloud_kubectl.null_resource.gcloud_auth_service_account_key_file",
            "module.acm-primary.module.acm_operator.module.k8s_operator.module.gcloud_kubectl.null_resource.module_depends_on",
            "module.acm-primary.module.acm_operator.module.k8s_operator.module.gcloud_kubectl.null_resource.prepare_cache",
            "module.acm-primary.module.acm_operator.module.k8s_operator.module.gcloud_kubectl.null_resource.run_command",
            "module.acm-primary.module.acm_operator.module.k8s_operator.module.gcloud_kubectl.null_resource.run_destroy_command",
            "module.acm-primary.module.acm_operator.module.k8s_operator.module.gcloud_kubectl.null_resource.upgrade",
            "module.acm-primary.module.acm_operator.module.k8s_operator.module.gcloud_kubectl.random_id.cache",
            "module.acm-primary.module.acm_operator.module.k8sop_config.module.gcloud_kubectl.data.external.env_override",
            "module.acm-primary.module.acm_operator.module.k8sop_config.module.gcloud_kubectl.null_resource.decompress",
            "module.acm-primary.module.acm_operator.module.k8sop_config.module.gcloud_kubectl.null_resource.download_gcloud",
            "module.acm-primary.module.acm_operator.module.k8sop_config.module.gcloud_kubectl.null_resource.download_jq",
            "module.acm-primary.module.acm_operator.module.k8sop_config.module.gcloud_kubectl.null_resource.module_depends_on",
            "module.acm-primary.module.acm_operator.module.k8sop_config.module.gcloud_kubectl.null_resource.prepare_cache",
            "module.acm-primary.module.acm_operator.module.k8sop_config.module.gcloud_kubectl.null_resource.upgrade",
            "module.acm-primary.module.acm_operator.module.k8sop_config.module.gcloud_kubectl.random_id.cache",
            "module.acm-primary.module.acm_operator.module.k8sop_creds_secret.module.gcloud_kubectl.data.external.env_override",
            "module.acm-primary.module.acm_operator.module.k8sop_creds_secret.module.gcloud_kubectl.null_resource.additional_components",
            "module.acm-primary.module.acm_operator.module.k8sop_creds_secret.module.gcloud_kubectl.null_resource.decompress",
            "module.acm-primary.module.acm_operator.module.k8sop_creds_secret.module.gcloud_kubectl.null_resource.download_gcloud",
            "module.acm-primary.module.acm_operator.module.k8sop_creds_secret.module.gcloud_kubectl.null_resource.download_jq",
            "module.acm-primary.module.acm_operator.module.k8sop_creds_secret.module.gcloud_kubectl.null_resource.gcloud_auth_google_credentials",
            "module.acm-primary.module.acm_operator.module.k8sop_creds_secret.module.gcloud_kubectl.null_resource.gcloud_auth_service_account_key_file",
            "module.acm-primary.module.acm_operator.module.k8sop_creds_secret.module.gcloud_kubectl.null_resource.module_depends_on",
            "module.acm-primary.module.acm_operator.module.k8sop_creds_secret.module.gcloud_kubectl.null_resource.prepare_cache",
            "module.acm-primary.module.acm_operator.module.k8sop_creds_secret.module.gcloud_kubectl.null_resource.run_command",
            "module.acm-primary.module.acm_operator.module.k8sop_creds_secret.module.gcloud_kubectl.null_resource.run_destroy_command",
            "module.acm-primary.module.acm_operator.module.k8sop_creds_secret.module.gcloud_kubectl.null_resource.upgrade",
            "module.acm-primary.module.acm_operator.module.k8sop_creds_secret.module.gcloud_kubectl.random_id.cache",
            "module.acm-primary.module.acm_operator.module.k8sop_manifest.data.external.env_override",
            "module.acm-primary.module.acm_operator.module.k8sop_manifest.null_resource.additional_components",
            "module.acm-primary.module.acm_operator.module.k8sop_manifest.null_resource.decompress",
            "module.acm-primary.module.acm_operator.module.k8sop_manifest.null_resource.download_gcloud",
            "module.acm-primary.module.acm_operator.module.k8sop_manifest.null_resource.download_jq",
            "module.acm-primary.module.acm_operator.module.k8sop_manifest.null_resource.gcloud_auth_google_credentials",
            "module.acm-primary.module.acm_operator.module.k8sop_manifest.null_resource.gcloud_auth_service_account_key_file",
            "module.acm-primary.module.acm_operator.module.k8sop_manifest.null_resource.module_depends_on",
            "module.acm-primary.module.acm_operator.module.k8sop_manifest.null_resource.prepare_cache",
            "module.acm-primary.module.acm_operator.module.k8sop_manifest.null_resource.run_command",
            "module.acm-primary.module.acm_operator.module.k8sop_manifest.null_resource.run_destroy_command",
            "module.acm-primary.module.acm_operator.module.k8sop_manifest.null_resource.upgrade",
            "module.acm-primary.module.acm_operator.module.k8sop_manifest.random_id.cache",
            "module.acm-primary.module.acm_operator.tls_private_key.k8sop_creds",
            "module.primary-cluster.data.google_compute_zones.available",
            "module.primary-cluster.data.google_container_engine_versions.region",
            "module.primary-cluster.data.google_container_engine_versions.zone",
            "module.primary-cluster.google_container_cluster.primary",
            "module.primary-cluster.google_container_node_pool.pools",
            "module.primary-cluster.google_service_account.cluster_service_account",
            "module.primary-cluster.random_shuffle.available_zones",
            "module.primary-cluster.random_string.cluster_service_account_suffix",
            "module.project-services.google_project_service.project_services"
          ]
        }
      ]
    },
    {
      "module": "module.acm-primary.module.acm_operator.module.k8sop_config.module.gcloud_kubectl",
      "mode": "managed",
      "type": "null_resource",
      "name": "additional_components_destroy",
      "provider": "provider[\"registry.terraform.io/hashicorp/null\"]",
      "instances": []
    },
    {
      "module": "module.acm-primary.module.acm_operator.module.k8sop_config.module.gcloud_kubectl",
      "mode": "managed",
      "type": "null_resource",
      "name": "decompress",
      "provider": "provider[\"registry.terraform.io/hashicorp/null\"]",
      "instances": []
    },
    {
      "module": "module.acm-primary.module.acm_operator.module.k8sop_config.module.gcloud_kubectl",
      "mode": "managed",
      "type": "null_resource",
      "name": "gcloud_auth_google_credentials",
      "provider": "provider[\"registry.terraform.io/hashicorp/null\"]",
      "instances": []
    },
    {
      "module": "module.acm-primary.module.acm_operator.module.k8sop_config.module.gcloud_kubectl",
      "mode": "managed",
      "type": "null_resource",
      "name": "gcloud_auth_service_account_key_file",
      "provider": "provider[\"registry.terraform.io/hashicorp/null\"]",
      "instances": []
    },
    {
      "module": "module.acm-primary.module.acm_operator.module.k8sop_config.module.gcloud_kubectl",
      "mode": "managed",
      "type": "null_resource",
      "name": "run_command",
      "provider": "provider[\"registry.terraform.io/hashicorp/null\"]",
      "instances": []
    },
    {
      "module": "module.acm-primary.module.acm_operator.module.k8sop_config.module.gcloud_kubectl",
      "mode": "managed",
      "type": "null_resource",
      "name": "run_destroy_command",
      "provider": "provider[\"registry.terraform.io/hashicorp/null\"]",
      "instances": []
    },
    {
      "module": "module.acm-primary.module.acm_operator.module.k8sop_config.module.gcloud_kubectl",
      "mode": "managed",
      "type": "null_resource",
      "name": "upgrade",
      "provider": "provider[\"registry.terraform.io/hashicorp/null\"]",
      "instances": []
    },
    {
      "module": "module.acm-primary.module.acm_operator.module.k8sop_config.module.gcloud_kubectl",
      "mode": "managed",
      "type": "random_id",
      "name": "cache",
      "provider": "provider[\"registry.terraform.io/hashicorp/random\"]",
      "instances": []
    },
    {
      "module": "module.acm-primary.module.acm_operator.module.k8sop_creds_secret.module.gcloud_kubectl",
      "mode": "data",
      "type": "external",
      "name": "env_override",
      "provider": "provider[\"registry.terraform.io/hashicorp/external\"]",
      "instances": [
        {
          "index_key": 0,
          "schema_version": 0,
          "attributes": {
            "id": "-",
            "program": [
              ".terraform/modules/acm-primary.acm_operator.k8sop_creds_secret/scripts/check_env.sh"
            ],
            "query": null,
            "result": {
              "download": ""
            },
            "working_dir": null
          },
          "sensitive_attributes": []
        }
      ]
    },
    {
      "module": "module.acm-primary.module.acm_operator.module.k8sop_creds_secret.module.gcloud_kubectl",
      "mode": "managed",
      "type": "null_resource",
      "name": "additional_components",
      "provider": "provider[\"registry.terraform.io/hashicorp/null\"]",
      "instances": [
        {
          "index_key": 0,
          "schema_version": 0,
          "attributes": {
            "id": "2352301314007196438",
            "triggers": {
              "additional_components_command": ".terraform/modules/acm-primary.acm_operator.k8sop_creds_secret/scripts/check_components.sh gcloud kubectl",
              "arguments": "9419015e1f133cbea95627eb5737d48f",
              "md5": "0287a3ad8a6471bde580fc754b49f0bd"
            }
          },
          "sensitive_attributes": [],
          "private": "bnVsbA==",
          "dependencies": [
            "data.google_client_config.current",
            "data.google_project.project",
            "module.acm-primary.module.acm_operator.module.k8s_operator.module.gcloud_kubectl.data.external.env_override",
            "module.acm-primary.module.acm_operator.module.k8s_operator.module.gcloud_kubectl.null_resource.additional_components",
            "module.acm-primary.module.acm_operator.module.k8s_operator.module.gcloud_kubectl.null_resource.decompress",
            "module.acm-primary.module.acm_operator.module.k8s_operator.module.gcloud_kubectl.null_resource.download_gcloud",
            "module.acm-primary.module.acm_operator.module.k8s_operator.module.gcloud_kubectl.null_resource.download_jq",
            "module.acm-primary.module.acm_operator.module.k8s_operator.module.gcloud_kubectl.null_resource.gcloud_auth_google_credentials",
            "module.acm-primary.module.acm_operator.module.k8s_operator.module.gcloud_kubectl.null_resource.gcloud_auth_service_account_key_file",
            "module.acm-primary.module.acm_operator.module.k8s_operator.module.gcloud_kubectl.null_resource.module_depends_on",
            "module.acm-primary.module.acm_operator.module.k8s_operator.module.gcloud_kubectl.null_resource.prepare_cache",
            "module.acm-primary.module.acm_operator.module.k8s_operator.module.gcloud_kubectl.null_resource.run_command",
            "module.acm-primary.module.acm_operator.module.k8s_operator.module.gcloud_kubectl.null_resource.run_destroy_command",
            "module.acm-primary.module.acm_operator.module.k8s_operator.module.gcloud_kubectl.null_resource.upgrade",
            "module.acm-primary.module.acm_operator.module.k8s_operator.module.gcloud_kubectl.random_id.cache",
            "module.acm-primary.module.acm_operator.module.k8sop_creds_secret.module.gcloud_kubectl.data.external.env_override",
            "module.acm-primary.module.acm_operator.module.k8sop_creds_secret.module.gcloud_kubectl.null_resource.decompress",
            "module.acm-primary.module.acm_operator.module.k8sop_creds_secret.module.gcloud_kubectl.null_resource.download_gcloud",
            "module.acm-primary.module.acm_operator.module.k8sop_creds_secret.module.gcloud_kubectl.null_resource.download_jq",
            "module.acm-primary.module.acm_operator.module.k8sop_creds_secret.module.gcloud_kubectl.null_resource.module_depends_on",
            "module.acm-primary.module.acm_operator.module.k8sop_creds_secret.module.gcloud_kubectl.null_resource.prepare_cache",
            "module.acm-primary.module.acm_operator.module.k8sop_creds_secret.module.gcloud_kubectl.null_resource.upgrade",
            "module.acm-primary.module.acm_operator.module.k8sop_creds_secret.module.gcloud_kubectl.random_id.cache",
            "module.acm-primary.module.acm_operator.module.k8sop_manifest.data.external.env_override",
            "module.acm-primary.module.acm_operator.module.k8sop_manifest.null_resource.additional_components",
            "module.acm-primary.module.acm_operator.module.k8sop_manifest.null_resource.decompress",
            "module.acm-primary.module.acm_operator.module.k8sop_manifest.null_resource.download_gcloud",
            "module.acm-primary.module.acm_operator.module.k8sop_manifest.null_resource.download_jq",
            "module.acm-primary.module.acm_operator.module.k8sop_manifest.null_resource.gcloud_auth_google_credentials",
            "module.acm-primary.module.acm_operator.module.k8sop_manifest.null_resource.gcloud_auth_service_account_key_file",
            "module.acm-primary.module.acm_operator.module.k8sop_manifest.null_resource.module_depends_on",
            "module.acm-primary.module.acm_operator.module.k8sop_manifest.null_resource.prepare_cache",
            "module.acm-primary.module.acm_operator.module.k8sop_manifest.null_resource.run_command",
            "module.acm-primary.module.acm_operator.module.k8sop_manifest.null_resource.run_destroy_command",
            "module.acm-primary.module.acm_operator.module.k8sop_manifest.null_resource.upgrade",
            "module.acm-primary.module.acm_operator.module.k8sop_manifest.random_id.cache",
            "module.acm-primary.module.acm_operator.tls_private_key.k8sop_creds",
            "module.primary-cluster.data.google_compute_zones.available",
            "module.primary-cluster.data.google_container_engine_versions.region",
            "module.primary-cluster.data.google_container_engine_versions.zone",
            "module.primary-cluster.google_container_cluster.primary",
            "module.primary-cluster.google_container_node_pool.pools",
            "module.primary-cluster.google_service_account.cluster_service_account",
            "module.primary-cluster.random_shuffle.available_zones",
            "module.primary-cluster.random_string.cluster_service_account_suffix",
            "module.project-services.google_project_service.project_services"
          ]
        }
      ]
    },
    {
      "module": "module.acm-primary.module.acm_operator.module.k8sop_creds_secret.module.gcloud_kubectl",
      "mode": "managed",
      "type": "null_resource",
      "name": "additional_components_destroy",
      "provider": "provider[\"registry.terraform.io/hashicorp/null\"]",
      "instances": []
    },
    {
      "module": "module.acm-primary.module.acm_operator.module.k8sop_creds_secret.module.gcloud_kubectl",
      "mode": "managed",
      "type": "null_resource",
      "name": "decompress",
      "provider": "provider[\"registry.terraform.io/hashicorp/null\"]",
      "instances": []
    },
    {
      "module": "module.acm-primary.module.acm_operator.module.k8sop_creds_secret.module.gcloud_kubectl",
      "mode": "managed",
      "type": "null_resource",
      "name": "gcloud_auth_google_credentials",
      "provider": "provider[\"registry.terraform.io/hashicorp/null\"]",
      "instances": []
    },
    {
      "module": "module.acm-primary.module.acm_operator.module.k8sop_creds_secret.module.gcloud_kubectl",
      "mode": "managed",
      "type": "null_resource",
      "name": "gcloud_auth_service_account_key_file",
      "provider": "provider[\"registry.terraform.io/hashicorp/null\"]",
      "instances": []
    },
    {
      "module": "module.acm-primary.module.acm_operator.module.k8sop_creds_secret.module.gcloud_kubectl",
      "mode": "managed",
      "type": "null_resource",
      "name": "run_command",
      "provider": "provider[\"registry.terraform.io/hashicorp/null\"]",
      "instances": []
    },
    {
      "module": "module.acm-primary.module.acm_operator.module.k8sop_creds_secret.module.gcloud_kubectl",
      "mode": "managed",
      "type": "null_resource",
      "name": "run_destroy_command",
      "provider": "provider[\"registry.terraform.io/hashicorp/null\"]",
      "instances": []
    },
    {
      "module": "module.acm-primary.module.acm_operator.module.k8sop_creds_secret.module.gcloud_kubectl",
      "mode": "managed",
      "type": "null_resource",
      "name": "upgrade",
      "provider": "provider[\"registry.terraform.io/hashicorp/null\"]",
      "instances": []
    },
    {
      "module": "module.acm-primary.module.acm_operator.module.k8sop_creds_secret.module.gcloud_kubectl",
      "mode": "managed",
      "type": "random_id",
      "name": "cache",
      "provider": "provider[\"registry.terraform.io/hashicorp/random\"]",
      "instances": []
    },
    {
      "module": "module.acm-primary.module.acm_operator.module.rootsync_config.module.gcloud_kubectl",
      "mode": "managed",
      "type": "null_resource",
      "name": "module_depends_on",
      "provider": "provider[\"registry.terraform.io/hashicorp/null\"]",
      "instances": [
        {
          "index_key": 0,
          "schema_version": 0,
          "attributes": {
            "id": "80006324327292256",
            "triggers": {
              "value": "1"
            }
          },
          "sensitive_attributes": [],
          "private": "bnVsbA==",
          "dependencies": [
            "data.google_client_config.current",
            "data.google_project.project",
            "module.acm-primary.module.acm_operator.data.template_file.k8sop_config",
            "module.acm-primary.module.acm_operator.data.template_file.rootsync_config",
            "module.acm-primary.module.acm_operator.module.k8s_operator.module.gcloud_kubectl.data.external.env_override",
            "module.acm-primary.module.acm_operator.module.k8s_operator.module.gcloud_kubectl.null_resource.additional_components",
            "module.acm-primary.module.acm_operator.module.k8s_operator.module.gcloud_kubectl.null_resource.decompress",
            "module.acm-primary.module.acm_operator.module.k8s_operator.module.gcloud_kubectl.null_resource.download_gcloud",
            "module.acm-primary.module.acm_operator.module.k8s_operator.module.gcloud_kubectl.null_resource.download_jq",
            "module.acm-primary.module.acm_operator.module.k8s_operator.module.gcloud_kubectl.null_resource.gcloud_auth_google_credentials",
            "module.acm-primary.module.acm_operator.module.k8s_operator.module.gcloud_kubectl.null_resource.gcloud_auth_service_account_key_file",
            "module.acm-primary.module.acm_operator.module.k8s_operator.module.gcloud_kubectl.null_resource.module_depends_on",
            "module.acm-primary.module.acm_operator.module.k8s_operator.module.gcloud_kubectl.null_resource.prepare_cache",
            "module.acm-primary.module.acm_operator.module.k8s_operator.module.gcloud_kubectl.null_resource.run_command",
            "module.acm-primary.module.acm_operator.module.k8s_operator.module.gcloud_kubectl.null_resource.run_destroy_command",
            "module.acm-primary.module.acm_operator.module.k8s_operator.module.gcloud_kubectl.null_resource.upgrade",
            "module.acm-primary.module.acm_operator.module.k8s_operator.module.gcloud_kubectl.random_id.cache",
            "module.acm-primary.module.acm_operator.module.k8sop_config.module.gcloud_kubectl.data.external.env_override",
            "module.acm-primary.module.acm_operator.module.k8sop_config.module.gcloud_kubectl.null_resource.additional_components",
            "module.acm-primary.module.acm_operator.module.k8sop_config.module.gcloud_kubectl.null_resource.decompress",
            "module.acm-primary.module.acm_operator.module.k8sop_config.module.gcloud_kubectl.null_resource.download_gcloud",
            "module.acm-primary.module.acm_operator.module.k8sop_config.module.gcloud_kubectl.null_resource.download_jq",
            "module.acm-primary.module.acm_operator.module.k8sop_config.module.gcloud_kubectl.null_resource.gcloud_auth_google_credentials",
            "module.acm-primary.module.acm_operator.module.k8sop_config.module.gcloud_kubectl.null_resource.gcloud_auth_service_account_key_file",
            "module.acm-primary.module.acm_operator.module.k8sop_config.module.gcloud_kubectl.null_resource.module_depends_on",
            "module.acm-primary.module.acm_operator.module.k8sop_config.module.gcloud_kubectl.null_resource.prepare_cache",
            "module.acm-primary.module.acm_operator.module.k8sop_config.module.gcloud_kubectl.null_resource.run_command",
            "module.acm-primary.module.acm_operator.module.k8sop_config.module.gcloud_kubectl.null_resource.run_destroy_command",
            "module.acm-primary.module.acm_operator.module.k8sop_config.module.gcloud_kubectl.null_resource.upgrade",
            "module.acm-primary.module.acm_operator.module.k8sop_config.module.gcloud_kubectl.random_id.cache",
            "module.acm-primary.module.acm_operator.module.k8sop_creds_secret.module.gcloud_kubectl.data.external.env_override",
            "module.acm-primary.module.acm_operator.module.k8sop_creds_secret.module.gcloud_kubectl.null_resource.additional_components",
            "module.acm-primary.module.acm_operator.module.k8sop_creds_secret.module.gcloud_kubectl.null_resource.decompress",
            "module.acm-primary.module.acm_operator.module.k8sop_creds_secret.module.gcloud_kubectl.null_resource.download_gcloud",
            "module.acm-primary.module.acm_operator.module.k8sop_creds_secret.module.gcloud_kubectl.null_resource.download_jq",
            "module.acm-primary.module.acm_operator.module.k8sop_creds_secret.module.gcloud_kubectl.null_resource.gcloud_auth_google_credentials",
            "module.acm-primary.module.acm_operator.module.k8sop_creds_secret.module.gcloud_kubectl.null_resource.gcloud_auth_service_account_key_file",
            "module.acm-primary.module.acm_operator.module.k8sop_creds_secret.module.gcloud_kubectl.null_resource.module_depends_on",
            "module.acm-primary.module.acm_operator.module.k8sop_creds_secret.module.gcloud_kubectl.null_resource.prepare_cache",
            "module.acm-primary.module.acm_operator.module.k8sop_creds_secret.module.gcloud_kubectl.null_resource.run_command",
            "module.acm-primary.module.acm_operator.module.k8sop_creds_secret.module.gcloud_kubectl.null_resource.run_destroy_command",
            "module.acm-primary.module.acm_operator.module.k8sop_creds_secret.module.gcloud_kubectl.null_resource.upgrade",
            "module.acm-primary.module.acm_operator.module.k8sop_creds_secret.module.gcloud_kubectl.random_id.cache",
            "module.acm-primary.module.acm_operator.module.k8sop_manifest.data.external.env_override",
            "module.acm-primary.module.acm_operator.module.k8sop_manifest.null_resource.additional_components",
            "module.acm-primary.module.acm_operator.module.k8sop_manifest.null_resource.decompress",
            "module.acm-primary.module.acm_operator.module.k8sop_manifest.null_resource.download_gcloud",
            "module.acm-primary.module.acm_operator.module.k8sop_manifest.null_resource.download_jq",
            "module.acm-primary.module.acm_operator.module.k8sop_manifest.null_resource.gcloud_auth_google_credentials",
            "module.acm-primary.module.acm_operator.module.k8sop_manifest.null_resource.gcloud_auth_service_account_key_file",
            "module.acm-primary.module.acm_operator.module.k8sop_manifest.null_resource.module_depends_on",
            "module.acm-primary.module.acm_operator.module.k8sop_manifest.null_resource.prepare_cache",
            "module.acm-primary.module.acm_operator.module.k8sop_manifest.null_resource.run_command",
            "module.acm-primary.module.acm_operator.module.k8sop_manifest.null_resource.run_destroy_command",
            "module.acm-primary.module.acm_operator.module.k8sop_manifest.null_resource.upgrade",
            "module.acm-primary.module.acm_operator.module.k8sop_manifest.random_id.cache",
            "module.acm-primary.module.acm_operator.module.wait_for_configsync_api.module.gcloud_kubectl.data.external.env_override",
            "module.acm-primary.module.acm_operator.module.wait_for_configsync_api.module.gcloud_kubectl.null_resource.additional_components",
            "module.acm-primary.module.acm_operator.module.wait_for_configsync_api.module.gcloud_kubectl.null_resource.decompress",
            "module.acm-primary.module.acm_operator.module.wait_for_configsync_api.module.gcloud_kubectl.null_resource.download_gcloud",
            "module.acm-primary.module.acm_operator.module.wait_for_configsync_api.module.gcloud_kubectl.null_resource.download_jq",
            "module.acm-primary.module.acm_operator.module.wait_for_configsync_api.module.gcloud_kubectl.null_resource.gcloud_auth_google_credentials",
            "module.acm-primary.module.acm_operator.module.wait_for_configsync_api.module.gcloud_kubectl.null_resource.gcloud_auth_service_account_key_file",
            "module.acm-primary.module.acm_operator.module.wait_for_configsync_api.module.gcloud_kubectl.null_resource.module_depends_on",
            "module.acm-primary.module.acm_operator.module.wait_for_configsync_api.module.gcloud_kubectl.null_resource.prepare_cache",
            "module.acm-primary.module.acm_operator.module.wait_for_configsync_api.module.gcloud_kubectl.null_resource.run_command",
            "module.acm-primary.module.acm_operator.module.wait_for_configsync_api.module.gcloud_kubectl.null_resource.run_destroy_command",
            "module.acm-primary.module.acm_operator.module.wait_for_configsync_api.module.gcloud_kubectl.null_resource.upgrade",
            "module.acm-primary.module.acm_operator.module.wait_for_configsync_api.module.gcloud_kubectl.random_id.cache",
            "module.acm-primary.module.acm_operator.tls_private_key.k8sop_creds",
            "module.primary-cluster.data.google_compute_zones.available",
            "module.primary-cluster.data.google_container_engine_versions.region",
            "module.primary-cluster.data.google_container_engine_versions.zone",
            "module.primary-cluster.google_container_cluster.primary",
            "module.primary-cluster.google_container_node_pool.pools",
            "module.primary-cluster.google_service_account.cluster_service_account",
            "module.primary-cluster.random_shuffle.available_zones",
            "module.primary-cluster.random_string.cluster_service_account_suffix",
            "module.project-services.google_project_service.project_services"
          ]
        }
      ]
    },
    {
      "module": "module.acm-primary.module.acm_operator.module.wait_for_configsync_api.module.gcloud_kubectl",
      "mode": "managed",
      "type": "null_resource",
      "name": "additional_components",
      "provider": "provider[\"registry.terraform.io/hashicorp/null\"]",
      "instances": []
    },
    {
      "module": "module.acm-primary.module.acm_operator.module.wait_for_configsync_api.module.gcloud_kubectl",
      "mode": "managed",
      "type": "null_resource",
      "name": "gcloud_auth_google_credentials",
      "provider": "provider[\"registry.terraform.io/hashicorp/null\"]",
      "instances": []
    },
    {
      "module": "module.acm-primary.module.acm_operator.module.wait_for_configsync_api.module.gcloud_kubectl",
      "mode": "managed",
      "type": "null_resource",
      "name": "gcloud_auth_service_account_key_file",
      "provider": "provider[\"registry.terraform.io/hashicorp/null\"]",
      "instances": []
    },
    {
      "module": "module.acm-primary.module.acm_operator.module.wait_for_configsync_api.module.gcloud_kubectl",
      "mode": "managed",
      "type": "null_resource",
      "name": "run_command",
      "provider": "provider[\"registry.terraform.io/hashicorp/null\"]",
      "instances": []
    },
    {
      "module": "module.acm-primary.module.acm_operator.module.wait_for_configsync_api.module.gcloud_kubectl",
      "mode": "managed",
      "type": "null_resource",
      "name": "run_destroy_command",
      "provider": "provider[\"registry.terraform.io/hashicorp/null\"]",
      "instances": []
    },
    {
      "module": "module.acm-primary.module.acm_operator.module.wait_for_gatekeeper.module.gcloud_kubectl",
      "mode": "data",
      "type": "external",
      "name": "env_override",
      "provider": "provider[\"registry.terraform.io/hashicorp/external\"]",
      "instances": [
        {
          "index_key": 0,
          "schema_version": 0,
          "attributes": {
            "id": "-",
            "program": [
              ".terraform/modules/acm-primary.acm_operator.wait_for_gatekeeper/scripts/check_env.sh"
            ],
            "query": null,
            "result": {
              "download": ""
            },
            "working_dir": null
          },
          "sensitive_attributes": []
        }
      ]
    },
    {
      "module": "module.acm-primary.module.acm_operator.module.wait_for_gatekeeper.module.gcloud_kubectl",
      "mode": "managed",
      "type": "null_resource",
      "name": "additional_components",
      "provider": "provider[\"registry.terraform.io/hashicorp/null\"]",
      "instances": [
        {
          "index_key": 0,
          "schema_version": 0,
          "attributes": {
            "id": "8983747692928995296",
            "triggers": {
              "additional_components_command": ".terraform/modules/acm-primary.acm_operator.wait_for_gatekeeper/scripts/check_components.sh gcloud kubectl",
              "arguments": "ed32cc1d83ec2a4ca6610d20fc1f4ad0",
              "md5": "85ab593620ff5a08ac79219e5a95ea49",
              "script_sha1": "e1780a62dcd319cb88616007c9c22324f63a6375"
            }
          },
          "sensitive_attributes": [],
          "private": "bnVsbA==",
          "dependencies": [
            "data.google_client_config.current",
            "data.google_project.project",
            "module.acm-primary.module.acm_operator.data.template_file.k8sop_config",
            "module.acm-primary.module.acm_operator.module.k8s_operator.module.gcloud_kubectl.data.external.env_override",
            "module.acm-primary.module.acm_operator.module.k8s_operator.module.gcloud_kubectl.null_resource.additional_components",
            "module.acm-primary.module.acm_operator.module.k8s_operator.module.gcloud_kubectl.null_resource.decompress",
            "module.acm-primary.module.acm_operator.module.k8s_operator.module.gcloud_kubectl.null_resource.download_gcloud",
            "module.acm-primary.module.acm_operator.module.k8s_operator.module.gcloud_kubectl.null_resource.download_jq",
            "module.acm-primary.module.acm_operator.module.k8s_operator.module.gcloud_kubectl.null_resource.gcloud_auth_google_credentials",
            "module.acm-primary.module.acm_operator.module.k8s_operator.module.gcloud_kubectl.null_resource.gcloud_auth_service_account_key_file",
            "module.acm-primary.module.acm_operator.module.k8s_operator.module.gcloud_kubectl.null_resource.module_depends_on",
            "module.acm-primary.module.acm_operator.module.k8s_operator.module.gcloud_kubectl.null_resource.prepare_cache",
            "module.acm-primary.module.acm_operator.module.k8s_operator.module.gcloud_kubectl.null_resource.run_command",
            "module.acm-primary.module.acm_operator.module.k8s_operator.module.gcloud_kubectl.null_resource.run_destroy_command",
            "module.acm-primary.module.acm_operator.module.k8s_operator.module.gcloud_kubectl.null_resource.upgrade",
            "module.acm-primary.module.acm_operator.module.k8s_operator.module.gcloud_kubectl.random_id.cache",
            "module.acm-primary.module.acm_operator.module.k8sop_config.module.gcloud_kubectl.data.external.env_override",
            "module.acm-primary.module.acm_operator.module.k8sop_config.module.gcloud_kubectl.null_resource.additional_components",
            "module.acm-primary.module.acm_operator.module.k8sop_config.module.gcloud_kubectl.null_resource.decompress",
            "module.acm-primary.module.acm_operator.module.k8sop_config.module.gcloud_kubectl.null_resource.download_gcloud",
            "module.acm-primary.module.acm_operator.module.k8sop_config.module.gcloud_kubectl.null_resource.download_jq",
            "module.acm-primary.module.acm_operator.module.k8sop_config.module.gcloud_kubectl.null_resource.gcloud_auth_google_credentials",
            "module.acm-primary.module.acm_operator.module.k8sop_config.module.gcloud_kubectl.null_resource.gcloud_auth_service_account_key_file",
            "module.acm-primary.module.acm_operator.module.k8sop_config.module.gcloud_kubectl.null_resource.module_depends_on",
            "module.acm-primary.module.acm_operator.module.k8sop_config.module.gcloud_kubectl.null_resource.prepare_cache",
            "module.acm-primary.module.acm_operator.module.k8sop_config.module.gcloud_kubectl.null_resource.run_command",
            "module.acm-primary.module.acm_operator.module.k8sop_config.module.gcloud_kubectl.null_resource.run_destroy_command",
            "module.acm-primary.module.acm_operator.module.k8sop_config.module.gcloud_kubectl.null_resource.upgrade",
            "module.acm-primary.module.acm_operator.module.k8sop_config.module.gcloud_kubectl.random_id.cache",
            "module.acm-primary.module.acm_operator.module.k8sop_creds_secret.module.gcloud_kubectl.data.external.env_override",
            "module.acm-primary.module.acm_operator.module.k8sop_creds_secret.module.gcloud_kubectl.null_resource.additional_components",
            "module.acm-primary.module.acm_operator.module.k8sop_creds_secret.module.gcloud_kubectl.null_resource.decompress",
            "module.acm-primary.module.acm_operator.module.k8sop_creds_secret.module.gcloud_kubectl.null_resource.download_gcloud",
            "module.acm-primary.module.acm_operator.module.k8sop_creds_secret.module.gcloud_kubectl.null_resource.download_jq",
            "module.acm-primary.module.acm_operator.module.k8sop_creds_secret.module.gcloud_kubectl.null_resource.gcloud_auth_google_credentials",
            "module.acm-primary.module.acm_operator.module.k8sop_creds_secret.module.gcloud_kubectl.null_resource.gcloud_auth_service_account_key_file",
            "module.acm-primary.module.acm_operator.module.k8sop_creds_secret.module.gcloud_kubectl.null_resource.module_depends_on",
            "module.acm-primary.module.acm_operator.module.k8sop_creds_secret.module.gcloud_kubectl.null_resource.prepare_cache",
            "module.acm-primary.module.acm_operator.module.k8sop_creds_secret.module.gcloud_kubectl.null_resource.run_command",
            "module.acm-primary.module.acm_operator.module.k8sop_creds_secret.module.gcloud_kubectl.null_resource.run_destroy_command",
            "module.acm-primary.module.acm_operator.module.k8sop_creds_secret.module.gcloud_kubectl.null_resource.upgrade",
            "module.acm-primary.module.acm_operator.module.k8sop_creds_secret.module.gcloud_kubectl.random_id.cache",
            "module.acm-primary.module.acm_operator.module.k8sop_manifest.data.external.env_override",
            "module.acm-primary.module.acm_operator.module.k8sop_manifest.null_resource.additional_components",
            "module.acm-primary.module.acm_operator.module.k8sop_manifest.null_resource.decompress",
            "module.acm-primary.module.acm_operator.module.k8sop_manifest.null_resource.download_gcloud",
            "module.acm-primary.module.acm_operator.module.k8sop_manifest.null_resource.download_jq",
            "module.acm-primary.module.acm_operator.module.k8sop_manifest.null_resource.gcloud_auth_google_credentials",
            "module.acm-primary.module.acm_operator.module.k8sop_manifest.null_resource.gcloud_auth_service_account_key_file",
            "module.acm-primary.module.acm_operator.module.k8sop_manifest.null_resource.module_depends_on",
            "module.acm-primary.module.acm_operator.module.k8sop_manifest.null_resource.prepare_cache",
            "module.acm-primary.module.acm_operator.module.k8sop_manifest.null_resource.run_command",
            "module.acm-primary.module.acm_operator.module.k8sop_manifest.null_resource.run_destroy_command",
            "module.acm-primary.module.acm_operator.module.k8sop_manifest.null_resource.upgrade",
            "module.acm-primary.module.acm_operator.module.k8sop_manifest.random_id.cache",
            "module.acm-primary.module.acm_operator.module.wait_for_gatekeeper.module.gcloud_kubectl.data.external.env_override",
            "module.acm-primary.module.acm_operator.module.wait_for_gatekeeper.module.gcloud_kubectl.null_resource.decompress",
            "module.acm-primary.module.acm_operator.module.wait_for_gatekeeper.module.gcloud_kubectl.null_resource.download_gcloud",
            "module.acm-primary.module.acm_operator.module.wait_for_gatekeeper.module.gcloud_kubectl.null_resource.download_jq",
            "module.acm-primary.module.acm_operator.module.wait_for_gatekeeper.module.gcloud_kubectl.null_resource.module_depends_on",
            "module.acm-primary.module.acm_operator.module.wait_for_gatekeeper.module.gcloud_kubectl.null_resource.prepare_cache",
            "module.acm-primary.module.acm_operator.module.wait_for_gatekeeper.module.gcloud_kubectl.null_resource.upgrade",
            "module.acm-primary.module.acm_operator.module.wait_for_gatekeeper.module.gcloud_kubectl.random_id.cache",
            "module.acm-primary.module.acm_operator.tls_private_key.k8sop_creds",
            "module.primary-cluster.data.google_compute_zones.available",
            "module.primary-cluster.data.google_container_engine_versions.region",
            "module.primary-cluster.data.google_container_engine_versions.zone",
            "module.primary-cluster.google_container_cluster.primary",
            "module.primary-cluster.google_container_node_pool.pools",
            "module.primary-cluster.google_service_account.cluster_service_account",
            "module.primary-cluster.random_shuffle.available_zones",
            "module.primary-cluster.random_string.cluster_service_account_suffix",
            "module.project-services.google_project_service.project_services"
          ]
        }
      ]
    },
    {
      "module": "module.acm-primary.module.acm_operator.module.wait_for_gatekeeper.module.gcloud_kubectl",
      "mode": "managed",
      "type": "null_resource",
      "name": "additional_components_destroy",
      "provider": "provider[\"registry.terraform.io/hashicorp/null\"]",
      "instances": []
    },
    {
      "module": "module.acm-primary.module.acm_operator.module.wait_for_gatekeeper.module.gcloud_kubectl",
      "mode": "managed",
      "type": "null_resource",
      "name": "decompress",
      "provider": "provider[\"registry.terraform.io/hashicorp/null\"]",
      "instances": []
    },
    {
      "module": "module.acm-primary.module.acm_operator.module.wait_for_gatekeeper.module.gcloud_kubectl",
      "mode": "managed",
      "type": "null_resource",
      "name": "gcloud_auth_google_credentials",
      "provider": "provider[\"registry.terraform.io/hashicorp/null\"]",
      "instances": []
    },
    {
      "module": "module.acm-primary.module.acm_operator.module.wait_for_gatekeeper.module.gcloud_kubectl",
      "mode": "managed",
      "type": "null_resource",
      "name": "gcloud_auth_service_account_key_file",
      "provider": "provider[\"registry.terraform.io/hashicorp/null\"]",
      "instances": []
    },
    {
      "module": "module.acm-primary.module.acm_operator.module.wait_for_gatekeeper.module.gcloud_kubectl",
      "mode": "managed",
      "type": "null_resource",
      "name": "run_command",
      "provider": "provider[\"registry.terraform.io/hashicorp/null\"]",
      "instances": []
    },
    {
      "module": "module.acm-primary.module.acm_operator.module.wait_for_gatekeeper.module.gcloud_kubectl",
      "mode": "managed",
      "type": "null_resource",
      "name": "run_destroy_command",
      "provider": "provider[\"registry.terraform.io/hashicorp/null\"]",
      "instances": []
    },
    {
      "module": "module.acm-primary.module.acm_operator.module.wait_for_gatekeeper.module.gcloud_kubectl",
      "mode": "managed",
      "type": "null_resource",
      "name": "upgrade",
      "provider": "provider[\"registry.terraform.io/hashicorp/null\"]",
      "instances": []
    },
    {
      "module": "module.acm-primary.module.acm_operator.module.wait_for_gatekeeper.module.gcloud_kubectl",
      "mode": "managed",
      "type": "random_id",
      "name": "cache",
      "provider": "provider[\"registry.terraform.io/hashicorp/random\"]",
      "instances": []
    },
    {
      "module": "module.acm-primary.module.enable_acm",
      "mode": "data",
      "type": "external",
      "name": "env_override",
      "provider": "provider[\"registry.terraform.io/hashicorp/external\"]",
      "instances": [
        {
          "index_key": 0,
          "schema_version": 0,
          "attributes": {
            "id": "-",
            "program": [
              ".terraform/modules/acm-primary.enable_acm/scripts/check_env.sh"
            ],
            "query": null,
            "result": {
              "download": ""
            },
            "working_dir": null
          },
          "sensitive_attributes": []
        }
      ]
    },
    {
      "module": "module.acm-primary.module.enable_acm",
      "mode": "managed",
      "type": "null_resource",
      "name": "additional_components",
      "provider": "provider[\"registry.terraform.io/hashicorp/null\"]",
      "instances": [
        {
          "index_key": 0,
          "schema_version": 0,
          "attributes": {
            "id": "7566846235431917929",
            "triggers": {
              "additional_components_command": ".terraform/modules/acm-primary.enable_acm/scripts/check_components.sh gcloud alpha",
              "arguments": "80c22c5877a89e1df1acf30f5dd8bd1e",
              "md5": "7f22bf39aaf5ce5980111c3587bef5b5"
            }
          },
          "sensitive_attributes": [],
          "private": "bnVsbA==",
          "dependencies": [
            "data.google_client_config.current",
            "module.acm-primary.module.enable_acm.data.external.env_override",
            "module.acm-primary.module.enable_acm.null_resource.decompress",
            "module.acm-primary.module.enable_acm.null_resource.download_gcloud",
            "module.acm-primary.module.enable_acm.null_resource.download_jq",
            "module.acm-primary.module.enable_acm.null_resource.module_depends_on",
            "module.acm-primary.module.enable_acm.null_resource.prepare_cache",
            "module.acm-primary.module.enable_acm.null_resource.upgrade",
            "module.acm-primary.module.enable_acm.random_id.cache"
          ]
        }
      ]
    },
    {
      "module": "module.acm-primary.module.enable_acm",
      "mode": "managed",
      "type": "null_resource",
      "name": "additional_components_destroy",
      "provider": "provider[\"registry.terraform.io/hashicorp/null\"]",
      "instances": [
        {
          "index_key": 0,
          "schema_version": 0,
          "attributes": {
            "id": "8933013962597477297",
            "triggers": {
              "additional_components_command": ".terraform/modules/acm-primary.enable_acm/scripts/check_components.sh gcloud alpha"
            }
          },
          "sensitive_attributes": [],
          "private": "bnVsbA==",
          "dependencies": [
            "data.google_client_config.current",
            "module.acm-primary.module.enable_acm.data.external.env_override",
            "module.acm-primary.module.enable_acm.null_resource.additional_components",
            "module.acm-primary.module.enable_acm.null_resource.decompress",
            "module.acm-primary.module.enable_acm.null_resource.download_gcloud",
            "module.acm-primary.module.enable_acm.null_resource.download_jq",
            "module.acm-primary.module.enable_acm.null_resource.gcloud_auth_google_credentials",
            "module.acm-primary.module.enable_acm.null_resource.gcloud_auth_service_account_key_file",
            "module.acm-primary.module.enable_acm.null_resource.module_depends_on",
            "module.acm-primary.module.enable_acm.null_resource.prepare_cache",
            "module.acm-primary.module.enable_acm.null_resource.run_destroy_command",
            "module.acm-primary.module.enable_acm.null_resource.upgrade",
            "module.acm-primary.module.enable_acm.random_id.cache"
          ]
        }
      ]
    },
    {
      "module": "module.acm-primary.module.enable_acm",
      "mode": "managed",
      "type": "null_resource",
      "name": "run_command",
      "provider": "provider[\"registry.terraform.io/hashicorp/null\"]",
      "instances": [
        {
          "index_key": 0,
          "schema_version": 0,
          "attributes": {
            "id": "350940789865765038",
            "triggers": {
              "arguments": "80c22c5877a89e1df1acf30f5dd8bd1e",
              "create_cmd_body": "alpha container hub config-management enable --project bcm-pcidss-devops-jenkins",
              "create_cmd_entrypoint": "gcloud",
              "gcloud_bin_abs_path": "/google-cloud-sdk/bin",
              "md5": "7f22bf39aaf5ce5980111c3587bef5b5"
            }
          },
          "sensitive_attributes": [],
          "private": "bnVsbA==",
          "dependencies": [
            "data.google_client_config.current",
            "module.acm-primary.module.enable_acm.data.external.env_override",
            "module.acm-primary.module.enable_acm.null_resource.additional_components",
            "module.acm-primary.module.enable_acm.null_resource.decompress",
            "module.acm-primary.module.enable_acm.null_resource.download_gcloud",
            "module.acm-primary.module.enable_acm.null_resource.download_jq",
            "module.acm-primary.module.enable_acm.null_resource.gcloud_auth_google_credentials",
            "module.acm-primary.module.enable_acm.null_resource.gcloud_auth_service_account_key_file",
            "module.acm-primary.module.enable_acm.null_resource.module_depends_on",
            "module.acm-primary.module.enable_acm.null_resource.prepare_cache",
            "module.acm-primary.module.enable_acm.null_resource.upgrade",
            "module.acm-primary.module.enable_acm.random_id.cache"
          ]
        }
      ]
    },
    {
      "module": "module.acm-primary.module.enable_acm",
      "mode": "managed",
      "type": "null_resource",
      "name": "run_destroy_command",
      "provider": "provider[\"registry.terraform.io/hashicorp/null\"]",
      "instances": [
        {
          "index_key": 0,
          "schema_version": 0,
          "attributes": {
            "id": "698645940127249921",
            "triggers": {
              "destroy_cmd_body": "alpha container hub config-management disable --force --project bcm-pcidss-devops-jenkins",
              "destroy_cmd_entrypoint": "gcloud",
              "gcloud_bin_abs_path": "/google-cloud-sdk/bin"
            }
          },
          "sensitive_attributes": [],
          "private": "bnVsbA==",
          "dependencies": [
            "data.google_client_config.current",
            "module.acm-primary.module.enable_acm.data.external.env_override",
            "module.acm-primary.module.enable_acm.null_resource.additional_components",
            "module.acm-primary.module.enable_acm.null_resource.decompress",
            "module.acm-primary.module.enable_acm.null_resource.download_gcloud",
            "module.acm-primary.module.enable_acm.null_resource.download_jq",
            "module.acm-primary.module.enable_acm.null_resource.gcloud_auth_google_credentials",
            "module.acm-primary.module.enable_acm.null_resource.gcloud_auth_service_account_key_file",
            "module.acm-primary.module.enable_acm.null_resource.module_depends_on",
            "module.acm-primary.module.enable_acm.null_resource.prepare_cache",
            "module.acm-primary.module.enable_acm.null_resource.upgrade",
            "module.acm-primary.module.enable_acm.random_id.cache"
          ]
        }
      ]
    },
    {
      "module": "module.asm-primary",
      "mode": "data",
      "type": "google_project",
      "name": "asm_project",
      "provider": "provider[\"registry.terraform.io/hashicorp/google\"]",
      "instances": [
        {
          "schema_version": 0,
          "attributes": {
            "auto_create_network": null,
            "billing_account": "01C32C-7B2BAF-47FE5A",
            "folder_id": "737131634963",
            "id": "projects/bcm-pcidss-devops-jenkins",
            "labels": {},
            "name": "BCM PCIDSS DevOps Jenkins",
            "number": "537676479365",
            "org_id": "",
            "project_id": "bcm-pcidss-devops-jenkins",
            "skip_delete": null
          },
          "sensitive_attributes": []
        }
      ]
    },
    {
      "module": "module.asm-primary.module.asm_install.module.gcloud_kubectl",
      "mode": "data",
      "type": "external",
      "name": "env_override",
      "provider": "provider[\"registry.terraform.io/hashicorp/external\"]",
      "instances": [
        {
          "index_key": 0,
          "schema_version": 0,
          "attributes": {
            "id": "-",
            "program": [
              ".terraform/modules/asm-primary.asm_install/scripts/check_env.sh"
            ],
            "query": null,
            "result": {
              "download": ""
            },
            "working_dir": null
          },
          "sensitive_attributes": []
        }
      ]
    },
    {
      "module": "module.asm-primary.module.asm_install.module.gcloud_kubectl",
      "mode": "managed",
      "type": "null_resource",
      "name": "additional_components",
      "provider": "provider[\"registry.terraform.io/hashicorp/null\"]",
      "instances": [
        {
          "index_key": 0,
          "schema_version": 0,
          "attributes": {
            "id": "4268552409710617162",
            "triggers": {
              "additional_components_command": ".terraform/modules/asm-primary.asm_install/scripts/check_components.sh gcloud kubectl,kpt,beta,kustomize",
              "arguments": "0fab1aa844bb49ecc8b69f82b1e1284d",
              "md5": "332df0eeb547c286e33c853235624d68"
            }
          },
          "sensitive_attributes": [],
          "private": "bnVsbA==",
          "dependencies": [
            "data.google_client_config.current",
            "data.google_project.project",
            "module.asm-primary.data.google_project.asm_project",
            "module.asm-primary.module.asm_install.module.gcloud_kubectl.data.external.env_override",
            "module.asm-primary.module.asm_install.module.gcloud_kubectl.null_resource.decompress",
            "module.asm-primary.module.asm_install.module.gcloud_kubectl.null_resource.download_gcloud",
            "module.asm-primary.module.asm_install.module.gcloud_kubectl.null_resource.download_jq",
            "module.asm-primary.module.asm_install.module.gcloud_kubectl.null_resource.module_depends_on",
            "module.asm-primary.module.asm_install.module.gcloud_kubectl.null_resource.prepare_cache",
            "module.asm-primary.module.asm_install.module.gcloud_kubectl.null_resource.upgrade",
            "module.asm-primary.module.asm_install.module.gcloud_kubectl.random_id.cache",
            "module.primary-cluster.data.google_compute_zones.available",
            "module.primary-cluster.data.google_container_engine_versions.region",
            "module.primary-cluster.data.google_container_engine_versions.zone",
            "module.primary-cluster.google_container_cluster.primary",
            "module.primary-cluster.google_container_node_pool.pools",
            "module.primary-cluster.google_service_account.cluster_service_account",
            "module.primary-cluster.random_shuffle.available_zones",
            "module.primary-cluster.random_string.cluster_service_account_suffix",
            "module.project-services.google_project_service.project_services"
          ]
        }
      ]
    },
    {
      "module": "module.asm-primary.module.asm_install.module.gcloud_kubectl",
      "mode": "managed",
      "type": "null_resource",
      "name": "additional_components_destroy",
      "provider": "provider[\"registry.terraform.io/hashicorp/null\"]",
      "instances": [
        {
          "index_key": 0,
          "schema_version": 0,
          "attributes": {
            "id": "8487771588501604596",
            "triggers": {
              "additional_components_command": ".terraform/modules/asm-primary.asm_install/scripts/check_components.sh gcloud kubectl,kpt,beta,kustomize"
            }
          },
          "sensitive_attributes": [],
          "private": "bnVsbA==",
          "dependencies": [
            "data.google_client_config.current",
            "data.google_project.project",
            "module.asm-primary.data.google_project.asm_project",
            "module.asm-primary.module.asm_install.module.gcloud_kubectl.data.external.env_override",
            "module.asm-primary.module.asm_install.module.gcloud_kubectl.null_resource.additional_components",
            "module.asm-primary.module.asm_install.module.gcloud_kubectl.null_resource.decompress",
            "module.asm-primary.module.asm_install.module.gcloud_kubectl.null_resource.download_gcloud",
            "module.asm-primary.module.asm_install.module.gcloud_kubectl.null_resource.download_jq",
            "module.asm-primary.module.asm_install.module.gcloud_kubectl.null_resource.gcloud_auth_google_credentials",
            "module.asm-primary.module.asm_install.module.gcloud_kubectl.null_resource.gcloud_auth_service_account_key_file",
            "module.asm-primary.module.asm_install.module.gcloud_kubectl.null_resource.module_depends_on",
            "module.asm-primary.module.asm_install.module.gcloud_kubectl.null_resource.prepare_cache",
            "module.asm-primary.module.asm_install.module.gcloud_kubectl.null_resource.run_destroy_command",
            "module.asm-primary.module.asm_install.module.gcloud_kubectl.null_resource.upgrade",
            "module.asm-primary.module.asm_install.module.gcloud_kubectl.random_id.cache",
            "module.primary-cluster.data.google_compute_zones.available",
            "module.primary-cluster.data.google_container_engine_versions.region",
            "module.primary-cluster.data.google_container_engine_versions.zone",
            "module.primary-cluster.google_container_cluster.primary",
            "module.primary-cluster.google_container_node_pool.pools",
            "module.primary-cluster.google_service_account.cluster_service_account",
            "module.primary-cluster.random_shuffle.available_zones",
            "module.primary-cluster.random_string.cluster_service_account_suffix",
            "module.project-services.google_project_service.project_services"
          ]
        }
      ]
    },
    {
      "module": "module.asm-primary.module.asm_install.module.gcloud_kubectl",
      "mode": "managed",
      "type": "null_resource",
      "name": "decompress",
      "provider": "provider[\"registry.terraform.io/hashicorp/null\"]",
      "instances": []
    },
    {
      "module": "module.asm-primary.module.asm_install.module.gcloud_kubectl",
      "mode": "managed",
      "type": "null_resource",
      "name": "gcloud_auth_google_credentials",
      "provider": "provider[\"registry.terraform.io/hashicorp/null\"]",
      "instances": []
    },
    {
      "module": "module.asm-primary.module.asm_install.module.gcloud_kubectl",
      "mode": "managed",
      "type": "null_resource",
      "name": "gcloud_auth_service_account_key_file",
      "provider": "provider[\"registry.terraform.io/hashicorp/null\"]",
      "instances": []
    },
    {
      "module": "module.asm-primary.module.asm_install.module.gcloud_kubectl",
      "mode": "managed",
      "type": "null_resource",
      "name": "module_depends_on",
      "provider": "provider[\"registry.terraform.io/hashicorp/null\"]",
      "instances": [
        {
          "index_key": 0,
          "schema_version": 0,
          "attributes": {
            "id": "898073391031323621",
            "triggers": {
              "value": "1"
            }
          },
          "sensitive_attributes": [
            [
              {
                "type": "get_attr",
                "value": "triggers"
              },
              {
                "type": "index",
                "value": {
                  "value": "value",
                  "type": "string"
                }
              }
            ]
          ],
          "private": "bnVsbA==",
          "dependencies": [
            "data.google_client_config.current",
            "data.google_project.project",
            "module.primary-cluster.data.google_compute_zones.available",
            "module.primary-cluster.data.google_container_engine_versions.region",
            "module.primary-cluster.data.google_container_engine_versions.zone",
            "module.primary-cluster.google_container_cluster.primary",
            "module.primary-cluster.google_container_node_pool.pools",
            "module.primary-cluster.google_service_account.cluster_service_account",
            "module.primary-cluster.random_shuffle.available_zones",
            "module.primary-cluster.random_string.cluster_service_account_suffix",
            "module.project-services.google_project_service.project_services"
          ]
        }
      ]
    },
    {
      "module": "module.asm-primary.module.asm_install.module.gcloud_kubectl",
      "mode": "managed",
      "type": "null_resource",
      "name": "run_command",
      "provider": "provider[\"registry.terraform.io/hashicorp/null\"]",
      "instances": [
        {
          "index_key": 0,
          "status": "tainted",
          "schema_version": 0,
          "attributes": {
            "id": "5430800957849749757",
            "triggers": {
              "arguments": "0fab1aa844bb49ecc8b69f82b1e1284d",
              "create_cmd_body": "primary us-central1-a bcm-pcidss-devops-jenkins false false .terraform/modules/asm-primary/modules/asm/scripts/install_asm.sh bcm-pcidss-devops-jenkins primary us-central1-a asm-dir-primary release-1.6-asm 537676479365",
              "create_cmd_entrypoint": ".terraform/modules/asm-primary.asm_install/modules/kubectl-wrapper/scripts/kubectl_wrapper.sh",
              "gcloud_bin_abs_path": "/google-cloud-sdk/bin",
              "md5": "332df0eeb547c286e33c853235624d68"
            }
          },
          "sensitive_attributes": [],
          "private": "bnVsbA==",
          "dependencies": [
            "data.google_client_config.current",
            "module.asm-primary.data.google_project.asm_project",
            "module.asm-primary.module.asm_install.module.gcloud_kubectl.data.external.env_override",
            "module.asm-primary.module.asm_install.module.gcloud_kubectl.null_resource.additional_components",
            "module.asm-primary.module.asm_install.module.gcloud_kubectl.null_resource.decompress",
            "module.asm-primary.module.asm_install.module.gcloud_kubectl.null_resource.gcloud_auth_google_credentials",
            "module.asm-primary.module.asm_install.module.gcloud_kubectl.null_resource.gcloud_auth_service_account_key_file",
            "module.asm-primary.module.asm_install.module.gcloud_kubectl.null_resource.module_depends_on",
            "module.asm-primary.module.asm_install.module.gcloud_kubectl.random_id.cache",
            "module.primary-cluster.google_container_cluster.primary",
            "module.primary-cluster.google_container_node_pool.pools"
          ]
        }
      ]
    },
    {
      "module": "module.asm-primary.module.asm_install.module.gcloud_kubectl",
      "mode": "managed",
      "type": "null_resource",
      "name": "run_destroy_command",
      "provider": "provider[\"registry.terraform.io/hashicorp/null\"]",
      "instances": [
        {
          "index_key": 0,
          "schema_version": 0,
          "attributes": {
            "id": "3467923142698607512",
            "triggers": {
              "destroy_cmd_body": "primary us-central1-a bcm-pcidss-devops-jenkins false false kubectl delete ns istio-system",
              "destroy_cmd_entrypoint": ".terraform/modules/asm-primary.asm_install/modules/kubectl-wrapper/scripts/kubectl_wrapper.sh",
              "gcloud_bin_abs_path": "/google-cloud-sdk/bin"
            }
          },
          "sensitive_attributes": [],
          "private": "bnVsbA==",
          "dependencies": [
            "data.google_client_config.current",
            "data.google_project.project",
            "module.asm-primary.data.google_project.asm_project",
            "module.asm-primary.module.asm_install.module.gcloud_kubectl.data.external.env_override",
            "module.asm-primary.module.asm_install.module.gcloud_kubectl.null_resource.additional_components",
            "module.asm-primary.module.asm_install.module.gcloud_kubectl.null_resource.decompress",
            "module.asm-primary.module.asm_install.module.gcloud_kubectl.null_resource.download_gcloud",
            "module.asm-primary.module.asm_install.module.gcloud_kubectl.null_resource.download_jq",
            "module.asm-primary.module.asm_install.module.gcloud_kubectl.null_resource.gcloud_auth_google_credentials",
            "module.asm-primary.module.asm_install.module.gcloud_kubectl.null_resource.gcloud_auth_service_account_key_file",
            "module.asm-primary.module.asm_install.module.gcloud_kubectl.null_resource.module_depends_on",
            "module.asm-primary.module.asm_install.module.gcloud_kubectl.null_resource.prepare_cache",
            "module.asm-primary.module.asm_install.module.gcloud_kubectl.null_resource.upgrade",
            "module.asm-primary.module.asm_install.module.gcloud_kubectl.random_id.cache",
            "module.primary-cluster.data.google_compute_zones.available",
            "module.primary-cluster.data.google_container_engine_versions.region",
            "module.primary-cluster.data.google_container_engine_versions.zone",
            "module.primary-cluster.google_container_cluster.primary",
            "module.primary-cluster.google_container_node_pool.pools",
            "module.primary-cluster.google_service_account.cluster_service_account",
            "module.primary-cluster.random_shuffle.available_zones",
            "module.primary-cluster.random_string.cluster_service_account_suffix",
            "module.project-services.google_project_service.project_services"
          ]
        }
      ]
    },
    {
      "module": "module.asm-primary.module.asm_install.module.gcloud_kubectl",
      "mode": "managed",
      "type": "null_resource",
      "name": "upgrade",
      "provider": "provider[\"registry.terraform.io/hashicorp/null\"]",
      "instances": []
    },
    {
      "module": "module.asm-primary.module.asm_install.module.gcloud_kubectl",
      "mode": "managed",
      "type": "random_id",
      "name": "cache",
      "provider": "provider[\"registry.terraform.io/hashicorp/random\"]",
      "instances": []
    },
    {
      "module": "module.hub-primary",
      "mode": "data",
      "type": "google_client_config",
      "name": "default",
      "provider": "provider[\"registry.terraform.io/hashicorp/google\"]",
      "instances": [
        {
          "schema_version": 0,
          "attributes": {
            "access_token": "ya29.c.Ko8BAwhuWL6pbxDG9OO2rlFxhCG5z-QEMqLe3j9H3ZJ9k19Xnqzh8jadcFAmcBYMyVJSwo3jof95hV566Hr52f80fjgwaDv9GQIZ4vNwKFkmxg8owMBlu6OENmg3xrfdK0JfDXHQzZGU1GT0j1B24twHXNTenjyBDQUXYAAU39FHnDEc--2N2Ix-Kb7CX3VpXwM",
            "id": "projects/bcm-pcidss-devops-jenkins/regions/us-central1/zones/",
            "project": "bcm-pcidss-devops-jenkins",
            "region": "us-central1",
            "zone": ""
          },
          "sensitive_attributes": []
        }
      ]
    },
    {
      "module": "module.hub-primary",
      "mode": "managed",
      "type": "google_service_account",
      "name": "gke_hub_sa",
      "provider": "provider[\"registry.terraform.io/hashicorp/google\"]",
      "instances": [
        {
          "index_key": 0,
          "schema_version": 0,
          "attributes": {
            "account_id": "primary",
            "description": "",
            "display_name": "Service Account for GKE Hub Registration",
            "email": "primary@bcm-pcidss-devops-jenkins.iam.gserviceaccount.com",
            "id": "projects/bcm-pcidss-devops-jenkins/serviceAccounts/primary@bcm-pcidss-devops-jenkins.iam.gserviceaccount.com",
            "name": "projects/bcm-pcidss-devops-jenkins/serviceAccounts/primary@bcm-pcidss-devops-jenkins.iam.gserviceaccount.com",
            "project": "bcm-pcidss-devops-jenkins",
            "timeouts": null,
            "unique_id": "100541395349755377319"
          },
          "sensitive_attributes": [],
          "private": "eyJlMmJmYjczMC1lY2FhLTExZTYtOGY4OC0zNDM2M2JjN2M0YzAiOnsiY3JlYXRlIjozMDAwMDAwMDAwMDB9fQ==",
          "dependencies": [
            "data.google_client_config.current"
          ]
        }
      ]
    },
    {
      "module": "module.hub-primary",
      "mode": "managed",
      "type": "google_service_account_key",
      "name": "gke_hub_key",
      "provider": "provider[\"registry.terraform.io/hashicorp/google\"]",
      "instances": [
        {
          "index_key": 0,
          "schema_version": 0,
          "attributes": {
            "id": "projects/bcm-pcidss-devops-jenkins/serviceAccounts/primary@bcm-pcidss-devops-jenkins.iam.gserviceaccount.com/keys/460532b97d418a67290ed972dcb6f43ade979f9f",
            "keepers": null,
            "key_algorithm": "KEY_ALG_RSA_2048",
            "name": "projects/bcm-pcidss-devops-jenkins/serviceAccounts/primary@bcm-pcidss-devops-jenkins.iam.gserviceaccount.com/keys/460532b97d418a67290ed972dcb6f43ade979f9f",
            "private_key": "ewogICJ0eXBlIjogInNlcnZpY2VfYWNjb3VudCIsCiAgInByb2plY3RfaWQiOiAiYmNtLXBjaWRzcy1kZXZvcHMtamVua2lucyIsCiAgInByaXZhdGVfa2V5X2lkIjogIjQ2MDUzMmI5N2Q0MThhNjcyOTBlZDk3MmRjYjZmNDNhZGU5NzlmOWYiLAogICJwcml2YXRlX2tleSI6ICItLS0tLUJFR0lOIFBSSVZBVEUgS0VZLS0tLS1cbk1JSUV2Z0lCQURBTkJna3Foa2lHOXcwQkFRRUZBQVNDQktnd2dnU2tBZ0VBQW9JQkFRRGNNdEZ0NythOGVjV3RcbmUwQXdjQmV6ZkpqeWFzeUdhTDRoS0phYlhkWGU2T014elJPK2lJNE0vQ09SbDlTQXgvQ1lLTW9tRlZoUzgxUjJcbk52K1VaM0VGUlFTNW5mTm90c0E1aHhldnJHYzVyaXpaeFpURUJxcmJDTTQ4U2xoQ2E2WG9rWGkyNjhGSi8xSldcblVROW9MOFFDLzdpYXZwYjR1ajBIVXZLdkFGY25MVkd3a2tqcDRHR0xrVzE3N2d3bjFrcWdsV1hyVlluUGx3dFVcbmw0OFFxZFRXK2ozV1llN0x3Ym11Nld0cnN2MHdEUEw0SHE4NFdhSkRjeU00ejN1a0pBUnhrNHkvTm41d3AwNExcbjUrRndTZU81OWMwU3ZiWTVzVDFaRmxSdkt3S1hzRzE0VkJXb3FKRENqNk5KbnFiSlJwbFlTMEtGSXRaWktrRDdcbmNBVDRxejBCQWdNQkFBRUNnZ0VBQmNDT0dBRWNWZkFZYWQrK1hZV1FHUEE0VHB6Ym11ZEJrRHd2TXYvUWhuSXVcbi9TNE9SZnZyT2d1Y0lrR0ZHNWdkZ053UDY4N0M3K2ZMWFFzeXdmMnh4aUYzYmlIaUtlb2NPMlI4Q2VySEI0cTFcblFUc1lGOGJVejhQN0h6Z1I5aW81dTBtUmpiVzY1dVAwa3F5cmFsMVZFWDc4bzQ0M0EyaGFEOGJxOEFkaVAzT3pcbk5ramEvM0dCT2dBSlk3MXpjRU1ES3VUcXp3MjNWQTFFSEQzQUpKaFIwT3NHUlUxc3JHTnZvUUY3YWZVWnZZcGdcblFqTDBzSzE4d0NSeEx2ZTFQMWlxdlZHei9hSlZoRXpjWHg0cnhnbVM2SCtnSUpUbkREK2F1N25hWElKbVZsNUpcbno1NkR5NWNHOEVtcWtpdGc5cUcvM3hFRFd1RjdlMkV1UWlJNXc1MjZ3UUtCZ1FEeXBRc04wL0VxSmxTTlVMVFZcbmkwK04yY3QwZmVjeWx6NThGRkpUQ0tLZWNOSXpEL004YWJIVG5NWDJqSmhpS2Frb0xHTXpWRkFSUTlmRW9Jd1FcbkVaTnZ6MVZpVUhtYlIyWnJxSHNWSXhRUXg2OEN0NlhVcGlkbmw3MFhoMXdkVUo3QkJ5YmhjRTNDOGxqYWt1Qk1cbjJkZHdOUVVSM3UvMzcyQVNKVGhSNGI1SFh3S0JnUURvVVgvY2lVeHN0QUNPUWlBMjlCWEdxTjZmZk9kbnRCSDBcbnRUblFCRjdHOWk0bEMwTlYvL1BJc2tWOHV5T2Zha0tnUGhmREg0WmN0NmNpUlphSE9scHYyYzJGY3BPK1NBQXZcbmpPbjVJVmhmeTU0R0kxQXBMZzdGdExNK1dMMjQ1cTBwS294azg3N3BiZ2V6emNkejg5QklIbHRjVkNFcmNYZGxcblhvVGZySWkzbndLQmdRRGgyTXpaS2hTbTd0WjBVbEovRVJRVExFMDdPSlVoZWJVbk9LTUh0bG5tcjR4M0NybVRcbjJhMHpFaEVRMHZ4aklmUFkrTGU4NXhVL2ZLNHd6bDZQOWt3TkhpYVRRK1JzcTZDaFJFaUwvQUtKTzlPaDY5M21cbmVHRGxBMDkxdnYvMktUd2EzdFZKc0lZd2xmSXVQOWVXc0l6ZVcvdEVEd1c4K0ltcldnbDU3V3gyY1FLQmdIVTFcbjBVWEtPN1hJWjFOZXgzUVNWLzQvNnZvYWdZSFAxeE5ZYjgra3ROQzdHZkwwcU1kMStHQTBtVnhoNm9vZWlYamhcbmV3bW1HUnNrU1gzQUVEOHYwTHNINzJvNXNaTGFMc1hPMmFrcENyWmlPOXNxNitHcTdDY1JrVEdPZ2tJTW1DYmhcbjRhMTVVTVBqRUozRjM3Qi92WUQxVi9EUVBWLzJ3bDl4ZmFhQUhRWlBBb0dCQUxXdE5OQnVVWEVVeEpNMit6RVpcbnl0RGJlOUw5TTNHZUplOG9lS3NHZ25Xd3NJOGhUZjhiRlMwVTRuRnFOU05Qd0tSVVBxMFU0djdEZkU2R0o0bTRcbkNYaVdhOVplQnNVUzA3UmpWaU9kbEtHWE10YS9Ha29kOXhEWHAwV1IzWDRES3QzQS9qbERmWGJQdHl5RkJPekNcbjA2RVFCRVUzemorMkxTdm85WHkwNGhoQVxuLS0tLS1FTkQgUFJJVkFURSBLRVktLS0tLVxuIiwKICAiY2xpZW50X2VtYWlsIjogInByaW1hcnlAYmNtLXBjaWRzcy1kZXZvcHMtamVua2lucy5pYW0uZ3NlcnZpY2VhY2NvdW50LmNvbSIsCiAgImNsaWVudF9pZCI6ICIxMDA1NDEzOTUzNDk3NTUzNzczMTkiLAogICJhdXRoX3VyaSI6ICJodHRwczovL2FjY291bnRzLmdvb2dsZS5jb20vby9vYXV0aDIvYXV0aCIsCiAgInRva2VuX3VyaSI6ICJodHRwczovL29hdXRoMi5nb29nbGVhcGlzLmNvbS90b2tlbiIsCiAgImF1dGhfcHJvdmlkZXJfeDUwOV9jZXJ0X3VybCI6ICJodHRwczovL3d3dy5nb29nbGVhcGlzLmNvbS9vYXV0aDIvdjEvY2VydHMiLAogICJjbGllbnRfeDUwOV9jZXJ0X3VybCI6ICJodHRwczovL3d3dy5nb29nbGVhcGlzLmNvbS9yb2JvdC92MS9tZXRhZGF0YS94NTA5L3ByaW1hcnklNDBiY20tcGNpZHNzLWRldm9wcy1qZW5raW5zLmlhbS5nc2VydmljZWFjY291bnQuY29tIgp9Cg==",
            "private_key_type": "TYPE_GOOGLE_CREDENTIALS_FILE",
            "public_key": "LS0tLS1CRUdJTiBDRVJUSUZJQ0FURS0tLS0tCk1JSUMvRENDQWVTZ0F3SUJBZ0lJTTNoZkVYRDBwRGd3RFFZSktvWklodmNOQVFFRkJRQXdJREVlTUJ3R0ExVUUKQXhNVk1UQXdOVFF4TXprMU16UTVOelUxTXpjM016RTVNQ0FYRFRJeE1EWXhOREE1TlRneU5sb1lEems1T1RreApNak14TWpNMU9UVTVXakFnTVI0d0hBWURWUVFERXhVeE1EQTFOREV6T1RVek5EazNOVFV6Tnpjek1Ua3dnZ0VpCk1BMEdDU3FHU0liM0RRRUJBUVVBQTRJQkR3QXdnZ0VLQW9JQkFRRGNNdEZ0NythOGVjV3RlMEF3Y0JlemZKankKYXN5R2FMNGhLSmFiWGRYZTZPTXh6Uk8raUk0TS9DT1JsOVNBeC9DWUtNb21GVmhTODFSMk52K1VaM0VGUlFTNQpuZk5vdHNBNWh4ZXZyR2M1cml6WnhaVEVCcXJiQ000OFNsaENhNlhva1hpMjY4RkovMUpXVVE5b0w4UUMvN2lhCnZwYjR1ajBIVXZLdkFGY25MVkd3a2tqcDRHR0xrVzE3N2d3bjFrcWdsV1hyVlluUGx3dFVsNDhRcWRUVytqM1cKWWU3THdibXU2V3Ryc3Ywd0RQTDRIcTg0V2FKRGN5TTR6M3VrSkFSeGs0eS9ObjV3cDA0TDUrRndTZU81OWMwUwp2Ylk1c1QxWkZsUnZLd0tYc0cxNFZCV29xSkRDajZOSm5xYkpScGxZUzBLRkl0WlpLa0Q3Y0FUNHF6MEJBZ01CCkFBR2pPREEyTUF3R0ExVWRFd0VCL3dRQ01BQXdEZ1lEVlIwUEFRSC9CQVFEQWdlQU1CWUdBMVVkSlFFQi93UU0KTUFvR0NDc0dBUVVGQndNQ01BMEdDU3FHU0liM0RRRUJCUVVBQTRJQkFRQ1RhajNZUmU5Z2ZocVB0dTZVZXlaTgpud0J2Z282aTRRKzZuUmJzd2J0aktFdnBRNmI5b0hGdVhBSjlod01hVjFoMTN2MGpkZXVVVU5UY3oxcHdVU2VlClV4VFQzOGRHdS8vRnR5cmZlbFpFeHRmS2NaWUYrWkRwV3NlaFBNUVFwMHZOZzlOL1NKc20rbTBYcjdvQzJxOVoKYVZvQjJ0d1FmOVlKWTQyZVY5UXFSQ3J5ZmN0ZURtVXZ0TU9BYk40WnVpQ3B4Q1l4RENRSU1hZDdiOW4wZzNPKwpmRnNWQTJGZGVPUFg2eTZrUHFReDdKNGhtTmwrMFdsMGI2WDZua3pIaUpxYy9iQ2pIL3hUcGJkWmZxd3BDQ0xPCnc0OGRwY3JScnZ0VWtQZm95UTVqWnhlVnVjOWFPR0pMOVRMNG9lNml3Sy9kVGt3Sk9xQ09MNWJOaDhFMmRKMjMKLS0tLS1FTkQgQ0VSVElGSUNBVEUtLS0tLQo=",
            "public_key_data": null,
            "public_key_type": "TYPE_X509_PEM_FILE",
            "service_account_id": "projects/bcm-pcidss-devops-jenkins/serviceAccounts/primary@bcm-pcidss-devops-jenkins.iam.gserviceaccount.com",
            "valid_after": "2021-06-14T09:58:26Z",
            "valid_before": "9999-12-31T23:59:59Z"
          },
          "sensitive_attributes": [],
          "private": "bnVsbA==",
          "dependencies": [
            "data.google_client_config.current",
            "module.hub-primary.google_service_account.gke_hub_sa"
          ]
        }
      ]
    },
    {
      "module": "module.hub-primary.module.gke_hub_registration",
      "mode": "data",
      "type": "external",
      "name": "env_override",
      "provider": "provider[\"registry.terraform.io/hashicorp/external\"]",
      "instances": [
        {
          "index_key": 0,
          "schema_version": 0,
          "attributes": {
            "id": "-",
            "program": [
              ".terraform/modules/hub-primary.gke_hub_registration/scripts/check_env.sh"
            ],
            "query": null,
            "result": {
              "download": ""
            },
            "working_dir": null
          },
          "sensitive_attributes": []
        }
      ]
    },
    {
      "module": "module.hub-primary.module.gke_hub_registration",
      "mode": "managed",
      "type": "null_resource",
      "name": "additional_components",
      "provider": "provider[\"registry.terraform.io/hashicorp/null\"]",
      "instances": []
    },
    {
      "module": "module.hub-primary.module.gke_hub_registration",
      "mode": "managed",
      "type": "null_resource",
      "name": "decompress",
      "provider": "provider[\"registry.terraform.io/hashicorp/null\"]",
      "instances": []
    },
    {
      "module": "module.hub-primary.module.gke_hub_registration",
      "mode": "managed",
      "type": "null_resource",
      "name": "gcloud_auth_google_credentials",
      "provider": "provider[\"registry.terraform.io/hashicorp/null\"]",
      "instances": []
    },
    {
      "module": "module.hub-primary.module.gke_hub_registration",
      "mode": "managed",
      "type": "null_resource",
      "name": "gcloud_auth_service_account_key_file",
      "provider": "provider[\"registry.terraform.io/hashicorp/null\"]",
      "instances": []
    },
    {
      "module": "module.hub-primary.module.gke_hub_registration",
      "mode": "managed",
      "type": "null_resource",
      "name": "module_depends_on",
      "provider": "provider[\"registry.terraform.io/hashicorp/null\"]",
      "instances": [
        {
          "index_key": 0,
          "schema_version": 0,
          "attributes": {
            "id": "502157319225909132",
            "triggers": {
              "value": "1"
            }
          },
          "sensitive_attributes": [
            [
              {
                "type": "get_attr",
                "value": "triggers"
              },
              {
                "type": "index",
                "value": {
                  "value": "value",
                  "type": "string"
                }
              }
            ]
          ],
          "private": "bnVsbA==",
          "dependencies": [
            "data.google_client_config.current",
            "data.google_project.project",
            "module.primary-cluster.data.google_compute_zones.available",
            "module.primary-cluster.data.google_container_engine_versions.region",
            "module.primary-cluster.data.google_container_engine_versions.zone",
            "module.primary-cluster.google_container_cluster.primary",
            "module.primary-cluster.google_container_node_pool.pools",
            "module.primary-cluster.google_service_account.cluster_service_account",
            "module.primary-cluster.random_shuffle.available_zones",
            "module.primary-cluster.random_string.cluster_service_account_suffix",
            "module.project-services.google_project_service.project_services"
          ]
        }
      ]
    },
    {
      "module": "module.hub-primary.module.gke_hub_registration",
      "mode": "managed",
      "type": "null_resource",
      "name": "run_command",
      "provider": "provider[\"registry.terraform.io/hashicorp/null\"]",
      "instances": [
        {
          "index_key": 0,
          "status": "tainted",
          "schema_version": 0,
          "attributes": {
            "id": "665129354770860517",
            "triggers": {
              "arguments": "16e8ac1d370c4860b60d84645463ad60",
              "create_cmd_body": "1 primary ewogICJ0eXBlIjogInNlcnZpY2VfYWNjb3VudCIsCiAgInByb2plY3RfaWQiOiAiYmNtLXBjaWRzcy1kZXZvcHMtamVua2lucyIsCiAgInByaXZhdGVfa2V5X2lkIjogIjQ2MDUzMmI5N2Q0MThhNjcyOTBlZDk3MmRjYjZmNDNhZGU5NzlmOWYiLAogICJwcml2YXRlX2tleSI6ICItLS0tLUJFR0lOIFBSSVZBVEUgS0VZLS0tLS1cbk1JSUV2Z0lCQURBTkJna3Foa2lHOXcwQkFRRUZBQVNDQktnd2dnU2tBZ0VBQW9JQkFRRGNNdEZ0NythOGVjV3RcbmUwQXdjQmV6ZkpqeWFzeUdhTDRoS0phYlhkWGU2T014elJPK2lJNE0vQ09SbDlTQXgvQ1lLTW9tRlZoUzgxUjJcbk52K1VaM0VGUlFTNW5mTm90c0E1aHhldnJHYzVyaXpaeFpURUJxcmJDTTQ4U2xoQ2E2WG9rWGkyNjhGSi8xSldcblVROW9MOFFDLzdpYXZwYjR1ajBIVXZLdkFGY25MVkd3a2tqcDRHR0xrVzE3N2d3bjFrcWdsV1hyVlluUGx3dFVcbmw0OFFxZFRXK2ozV1llN0x3Ym11Nld0cnN2MHdEUEw0SHE4NFdhSkRjeU00ejN1a0pBUnhrNHkvTm41d3AwNExcbjUrRndTZU81OWMwU3ZiWTVzVDFaRmxSdkt3S1hzRzE0VkJXb3FKRENqNk5KbnFiSlJwbFlTMEtGSXRaWktrRDdcbmNBVDRxejBCQWdNQkFBRUNnZ0VBQmNDT0dBRWNWZkFZYWQrK1hZV1FHUEE0VHB6Ym11ZEJrRHd2TXYvUWhuSXVcbi9TNE9SZnZyT2d1Y0lrR0ZHNWdkZ053UDY4N0M3K2ZMWFFzeXdmMnh4aUYzYmlIaUtlb2NPMlI4Q2VySEI0cTFcblFUc1lGOGJVejhQN0h6Z1I5aW81dTBtUmpiVzY1dVAwa3F5cmFsMVZFWDc4bzQ0M0EyaGFEOGJxOEFkaVAzT3pcbk5ramEvM0dCT2dBSlk3MXpjRU1ES3VUcXp3MjNWQTFFSEQzQUpKaFIwT3NHUlUxc3JHTnZvUUY3YWZVWnZZcGdcblFqTDBzSzE4d0NSeEx2ZTFQMWlxdlZHei9hSlZoRXpjWHg0cnhnbVM2SCtnSUpUbkREK2F1N25hWElKbVZsNUpcbno1NkR5NWNHOEVtcWtpdGc5cUcvM3hFRFd1RjdlMkV1UWlJNXc1MjZ3UUtCZ1FEeXBRc04wL0VxSmxTTlVMVFZcbmkwK04yY3QwZmVjeWx6NThGRkpUQ0tLZWNOSXpEL004YWJIVG5NWDJqSmhpS2Frb0xHTXpWRkFSUTlmRW9Jd1FcbkVaTnZ6MVZpVUhtYlIyWnJxSHNWSXhRUXg2OEN0NlhVcGlkbmw3MFhoMXdkVUo3QkJ5YmhjRTNDOGxqYWt1Qk1cbjJkZHdOUVVSM3UvMzcyQVNKVGhSNGI1SFh3S0JnUURvVVgvY2lVeHN0QUNPUWlBMjlCWEdxTjZmZk9kbnRCSDBcbnRUblFCRjdHOWk0bEMwTlYvL1BJc2tWOHV5T2Zha0tnUGhmREg0WmN0NmNpUlphSE9scHYyYzJGY3BPK1NBQXZcbmpPbjVJVmhmeTU0R0kxQXBMZzdGdExNK1dMMjQ1cTBwS294azg3N3BiZ2V6emNkejg5QklIbHRjVkNFcmNYZGxcblhvVGZySWkzbndLQmdRRGgyTXpaS2hTbTd0WjBVbEovRVJRVExFMDdPSlVoZWJVbk9LTUh0bG5tcjR4M0NybVRcbjJhMHpFaEVRMHZ4aklmUFkrTGU4NXhVL2ZLNHd6bDZQOWt3TkhpYVRRK1JzcTZDaFJFaUwvQUtKTzlPaDY5M21cbmVHRGxBMDkxdnYvMktUd2EzdFZKc0lZd2xmSXVQOWVXc0l6ZVcvdEVEd1c4K0ltcldnbDU3V3gyY1FLQmdIVTFcbjBVWEtPN1hJWjFOZXgzUVNWLzQvNnZvYWdZSFAxeE5ZYjgra3ROQzdHZkwwcU1kMStHQTBtVnhoNm9vZWlYamhcbmV3bW1HUnNrU1gzQUVEOHYwTHNINzJvNXNaTGFMc1hPMmFrcENyWmlPOXNxNitHcTdDY1JrVEdPZ2tJTW1DYmhcbjRhMTVVTVBqRUozRjM3Qi92WUQxVi9EUVBWLzJ3bDl4ZmFhQUhRWlBBb0dCQUxXdE5OQnVVWEVVeEpNMit6RVpcbnl0RGJlOUw5TTNHZUplOG9lS3NHZ25Xd3NJOGhUZjhiRlMwVTRuRnFOU05Qd0tSVVBxMFU0djdEZkU2R0o0bTRcbkNYaVdhOVplQnNVUzA3UmpWaU9kbEtHWE10YS9Ha29kOXhEWHAwV1IzWDRES3QzQS9qbERmWGJQdHl5RkJPekNcbjA2RVFCRVUzemorMkxTdm85WHkwNGhoQVxuLS0tLS1FTkQgUFJJVkFURSBLRVktLS0tLVxuIiwKICAiY2xpZW50X2VtYWlsIjogInByaW1hcnlAYmNtLXBjaWRzcy1kZXZvcHMtamVua2lucy5pYW0uZ3NlcnZpY2VhY2NvdW50LmNvbSIsCiAgImNsaWVudF9pZCI6ICIxMDA1NDEzOTUzNDk3NTUzNzczMTkiLAogICJhdXRoX3VyaSI6ICJodHRwczovL2FjY291bnRzLmdvb2dsZS5jb20vby9vYXV0aDIvYXV0aCIsCiAgInRva2VuX3VyaSI6ICJodHRwczovL29hdXRoMi5nb29nbGVhcGlzLmNvbS90b2tlbiIsCiAgImF1dGhfcHJvdmlkZXJfeDUwOV9jZXJ0X3VybCI6ICJodHRwczovL3d3dy5nb29nbGVhcGlzLmNvbS9vYXV0aDIvdjEvY2VydHMiLAogICJjbGllbnRfeDUwOV9jZXJ0X3VybCI6ICJodHRwczovL3d3dy5nb29nbGVhcGlzLmNvbS9yb2JvdC92MS9tZXRhZGF0YS94NTA5L3ByaW1hcnklNDBiY20tcGNpZHNzLWRldm9wcy1qZW5raW5zLmlhbS5nc2VydmljZWFjY291bnQuY29tIgp9Cg== https://container.googleapis.com/projects/bcm-pcidss-devops-jenkins/locations/us-central1-a/clusters/primary bcm-pcidss-devops-jenkins ",
              "create_cmd_entrypoint": ".terraform/modules/hub-primary/modules/hub/scripts/gke_hub_registration.sh",
              "gcloud_bin_abs_path": "/google-cloud-sdk/bin",
              "md5": "e90c29c0ab493e837fa052bdff0e6952"
            }
          },
          "sensitive_attributes": [],
          "private": "bnVsbA==",
          "dependencies": [
            "data.google_client_config.current",
            "module.hub-primary.google_service_account_key.gke_hub_key",
            "module.hub-primary.module.gke_hub_registration.data.external.env_override",
            "module.hub-primary.module.gke_hub_registration.null_resource.additional_components",
            "module.hub-primary.module.gke_hub_registration.null_resource.decompress",
            "module.hub-primary.module.gke_hub_registration.null_resource.gcloud_auth_google_credentials",
            "module.hub-primary.module.gke_hub_registration.null_resource.gcloud_auth_service_account_key_file",
            "module.hub-primary.module.gke_hub_registration.null_resource.module_depends_on",
            "module.hub-primary.module.gke_hub_registration.random_id.cache",
            "module.primary-cluster.google_container_cluster.primary",
            "module.primary-cluster.google_container_node_pool.pools"
          ]
        }
      ]
    },
    {
      "module": "module.hub-primary.module.gke_hub_registration",
      "mode": "managed",
      "type": "null_resource",
      "name": "run_destroy_command",
      "provider": "provider[\"registry.terraform.io/hashicorp/null\"]",
      "instances": [
        {
          "index_key": 0,
          "schema_version": 0,
          "attributes": {
            "id": "6106414268523688663",
            "triggers": {
              "destroy_cmd_body": "1 primary https://container.googleapis.com/projects/bcm-pcidss-devops-jenkins/locations/us-central1-a/clusters/primary bcm-pcidss-devops-jenkins",
              "destroy_cmd_entrypoint": ".terraform/modules/hub-primary/modules/hub/scripts/gke_hub_unregister.sh",
              "gcloud_bin_abs_path": "/google-cloud-sdk/bin"
            }
          },
          "sensitive_attributes": [],
          "private": "bnVsbA==",
          "dependencies": [
            "data.google_client_config.current",
            "data.google_project.project",
            "module.hub-primary.google_service_account.gke_hub_sa",
            "module.hub-primary.google_service_account_key.gke_hub_key",
            "module.hub-primary.module.gke_hub_registration.data.external.env_override",
            "module.hub-primary.module.gke_hub_registration.null_resource.additional_components",
            "module.hub-primary.module.gke_hub_registration.null_resource.decompress",
            "module.hub-primary.module.gke_hub_registration.null_resource.download_gcloud",
            "module.hub-primary.module.gke_hub_registration.null_resource.download_jq",
            "module.hub-primary.module.gke_hub_registration.null_resource.gcloud_auth_google_credentials",
            "module.hub-primary.module.gke_hub_registration.null_resource.gcloud_auth_service_account_key_file",
            "module.hub-primary.module.gke_hub_registration.null_resource.module_depends_on",
            "module.hub-primary.module.gke_hub_registration.null_resource.prepare_cache",
            "module.hub-primary.module.gke_hub_registration.null_resource.upgrade",
            "module.hub-primary.module.gke_hub_registration.random_id.cache",
            "module.primary-cluster.data.google_compute_zones.available",
            "module.primary-cluster.data.google_container_engine_versions.region",
            "module.primary-cluster.data.google_container_engine_versions.zone",
            "module.primary-cluster.google_container_cluster.primary",
            "module.primary-cluster.google_container_node_pool.pools",
            "module.primary-cluster.google_service_account.cluster_service_account",
            "module.primary-cluster.random_shuffle.available_zones",
            "module.primary-cluster.random_string.cluster_service_account_suffix",
            "module.project-services.google_project_service.project_services"
          ]
        }
      ]
    },
    {
      "module": "module.hub-primary.module.gke_hub_registration",
      "mode": "managed",
      "type": "random_id",
      "name": "cache",
      "provider": "provider[\"registry.terraform.io/hashicorp/random\"]",
      "instances": []
    },
    {
      "module": "module.primary-cluster",
      "mode": "data",
      "type": "google_client_config",
      "name": "default",
      "provider": "provider[\"registry.terraform.io/hashicorp/google-beta\"]",
      "instances": [
        {
          "schema_version": 0,
          "attributes": {
            "access_token": "ya29.c.Ko8BAwhuWL6pbxDG9OO2rlFxhCG5z-QEMqLe3j9H3ZJ9k19Xnqzh8jadcFAmcBYMyVJSwo3jof95hV566Hr52f80fjgwaDv9GQIZ4vNwKFkmxg8owMBlu6OENmg3xrfdK0JfDXHQzZGU1GT0j1B24twHXNTenjyBDQUXYAAU39FHnDEc--2N2Ix-Kb7CX3VpXwM",
            "id": "projects//regions//zones/",
            "project": "",
            "region": "",
            "zone": ""
          },
          "sensitive_attributes": []
        }
      ]
    },
    {
      "module": "module.primary-cluster",
      "mode": "data",
      "type": "google_compute_zones",
      "name": "available",
      "provider": "provider[\"registry.terraform.io/hashicorp/google-beta\"]",
      "instances": [
        {
          "schema_version": 0,
          "attributes": {
            "id": "projects/bcm-pcidss-devops-jenkins/regions/us-central1",
            "names": [
              "us-central1-a",
              "us-central1-b",
              "us-central1-c",
              "us-central1-f"
            ],
            "project": "bcm-pcidss-devops-jenkins",
            "region": "us-central1",
            "status": null
          },
          "sensitive_attributes": []
        }
      ]
    },
    {
      "module": "module.primary-cluster",
      "mode": "data",
      "type": "google_container_engine_versions",
      "name": "region",
      "provider": "provider[\"registry.terraform.io/hashicorp/google\"]",
      "instances": [
        {
          "schema_version": 0,
          "attributes": {
            "default_cluster_version": "1.19.9-gke.1900",
            "id": "2021-06-14 12:32:47.05931045 +0000 UTC",
            "latest_master_version": "1.19.10-gke.1700",
            "latest_node_version": "1.19.10-gke.1700",
            "location": "us-central1-a",
            "project": "bcm-pcidss-devops-jenkins",
            "release_channel_default_version": {
              "RAPID": "1.20.6-gke.1000",
              "REGULAR": "1.19.9-gke.1900",
              "STABLE": "1.18.17-gke.1200"
            },
            "valid_master_versions": [
              "1.19.10-gke.1700",
              "1.19.10-gke.1600",
              "1.19.10-gke.1000",
              "1.19.9-gke.1900",
              "1.19.9-gke.1400",
              "1.19.8-gke.1600",
              "1.18.18-gke.1700",
              "1.18.18-gke.1100",
              "1.18.17-gke.1900",
              "1.18.17-gke.1200",
              "1.18.17-gke.700",
              "1.18.17-gke.100",
              "1.17.17-gke.8200",
              "1.17.17-gke.7800",
              "1.17.17-gke.7200",
              "1.17.17-gke.6700",
              "1.17.17-gke.6000",
              "1.17.17-gke.5400",
              "1.17.17-gke.4900",
              "1.17.17-gke.4400",
              "1.17.17-gke.3700"
            ],
            "valid_node_versions": [
              "1.19.10-gke.1700",
              "1.19.10-gke.1600",
              "1.19.10-gke.1000",
              "1.19.9-gke.1900",
              "1.19.9-gke.1400",
              "1.19.9-gke.700",
              "1.19.9-gke.100",
              "1.19.8-gke.2000",
              "1.19.8-gke.1600",
              "1.19.8-gke.1000",
              "1.19.7-gke.2503",
              "1.19.7-gke.1500",
              "1.19.7-gke.1302",
              "1.19.7-gke.800",
              "1.19.6-gke.1700",
              "1.19.6-gke.1100",
              "1.19.6-gke.600",
              "1.18.18-gke.1700",
              "1.18.18-gke.1100",
              "1.18.17-gke.1900",
              "1.18.17-gke.1200",
              "1.18.17-gke.700",
              "1.18.17-gke.100",
              "1.18.16-gke.2100",
              "1.18.16-gke.1201",
              "1.18.16-gke.1200",
              "1.18.16-gke.502",
              "1.18.16-gke.500",
              "1.18.16-gke.302",
              "1.18.16-gke.300",
              "1.18.15-gke.2500",
              "1.18.15-gke.1502",
              "1.18.15-gke.1501",
              "1.18.15-gke.1500",
              "1.18.15-gke.1102",
              "1.18.15-gke.1100",
              "1.18.15-gke.800",
              "1.18.14-gke.1600",
              "1.18.14-gke.1200",
              "1.18.12-gke.1210",
              "1.18.12-gke.1206",
              "1.18.12-gke.1205",
              "1.18.12-gke.1201",
              "1.18.12-gke.1200",
              "1.18.12-gke.300",
              "1.18.10-gke.2701",
              "1.18.10-gke.2101",
              "1.18.10-gke.1500",
              "1.18.10-gke.601",
              "1.18.9-gke.2501",
              "1.18.9-gke.1501",
              "1.18.9-gke.801",
              "1.18.6-gke.4801",
              "1.18.6-gke.3504",
              "1.18.6-gke.3503",
              "1.17.17-gke.8500",
              "1.17.17-gke.8200",
              "1.17.17-gke.7800",
              "1.17.17-gke.7200",
              "1.17.17-gke.6700",
              "1.17.17-gke.6000",
              "1.17.17-gke.5400",
              "1.17.17-gke.4900",
              "1.17.17-gke.4400",
              "1.17.17-gke.3700",
              "1.17.17-gke.3000",
              "1.17.17-gke.2800",
              "1.17.17-gke.2500",
              "1.17.17-gke.1500",
              "1.17.17-gke.1101",
              "1.17.17-gke.1100",
              "1.17.17-gke.600",
              "1.17.16-gke.1600",
              "1.17.16-gke.1300",
              "1.17.15-gke.800",
              "1.17.15-gke.300",
              "1.17.14-gke.1600",
              "1.17.14-gke.1200",
              "1.17.14-gke.400",
              "1.17.13-gke.2600",
              "1.17.13-gke.2001",
              "1.17.13-gke.1401",
              "1.17.13-gke.1400",
              "1.17.13-gke.600",
              "1.17.12-gke.2502",
              "1.17.12-gke.1504",
              "1.17.12-gke.1501",
              "1.17.12-gke.500",
              "1.17.9-gke.6300",
              "1.17.9-gke.1504",
              "1.16.15-gke.14800",
              "1.16.15-gke.12500",
              "1.16.15-gke.11800",
              "1.16.15-gke.10600",
              "1.16.15-gke.7801",
              "1.16.15-gke.7800",
              "1.16.15-gke.7300",
              "1.16.15-gke.6900",
              "1.16.15-gke.6000",
              "1.16.15-gke.5500",
              "1.16.15-gke.4901",
              "1.16.15-gke.4301",
              "1.16.15-gke.4300",
              "1.16.15-gke.3500",
              "1.16.15-gke.2601",
              "1.16.15-gke.1600",
              "1.16.15-gke.500",
              "1.16.13-gke.404",
              "1.16.13-gke.403",
              "1.16.13-gke.401",
              "1.16.13-gke.400",
              "1.16.13-gke.1",
              "1.16.11-gke.5",
              "1.16.10-gke.8",
              "1.16.9-gke.6",
              "1.16.9-gke.2",
              "1.16.8-gke.15",
              "1.16.8-gke.12",
              "1.16.8-gke.9",
              "1.15.12-gke.6002",
              "1.15.12-gke.6001",
              "1.15.12-gke.5000",
              "1.15.12-gke.4002",
              "1.15.12-gke.4000",
              "1.15.12-gke.20",
              "1.15.12-gke.17",
              "1.15.12-gke.16",
              "1.15.12-gke.13",
              "1.15.12-gke.9",
              "1.15.12-gke.6",
              "1.15.12-gke.3",
              "1.15.12-gke.2",
              "1.15.11-gke.17",
              "1.15.11-gke.15",
              "1.15.11-gke.13",
              "1.15.11-gke.12",
              "1.15.11-gke.11",
              "1.15.11-gke.9",
              "1.15.11-gke.5",
              "1.15.11-gke.3",
              "1.15.11-gke.1",
              "1.15.9-gke.26",
              "1.15.9-gke.24",
              "1.15.9-gke.22",
              "1.15.9-gke.12",
              "1.15.9-gke.9",
              "1.15.9-gke.8",
              "1.15.8-gke.3",
              "1.15.8-gke.2",
              "1.15.7-gke.23",
              "1.15.7-gke.2",
              "1.15.4-gke.22",
              "1.14.10-gke.1504",
              "1.14.10-gke.902",
              "1.14.10-gke.50",
              "1.14.10-gke.46",
              "1.14.10-gke.45",
              "1.14.10-gke.42",
              "1.14.10-gke.41",
              "1.14.10-gke.40",
              "1.14.10-gke.37",
              "1.14.10-gke.36",
              "1.14.10-gke.34",
              "1.14.10-gke.32",
              "1.14.10-gke.31",
              "1.14.10-gke.27",
              "1.14.10-gke.24",
              "1.14.10-gke.22",
              "1.14.10-gke.21",
              "1.14.10-gke.17",
              "1.14.10-gke.0",
              "1.14.9-gke.23",
              "1.14.9-gke.2",
              "1.14.9-gke.0",
              "1.14.8-gke.33",
              "1.14.8-gke.21",
              "1.14.8-gke.18",
              "1.14.8-gke.17",
              "1.14.8-gke.14",
              "1.14.8-gke.12",
              "1.14.8-gke.7",
              "1.14.8-gke.2",
              "1.14.7-gke.40",
              "1.14.7-gke.25",
              "1.14.7-gke.23",
              "1.14.7-gke.17",
              "1.14.7-gke.14",
              "1.14.7-gke.10",
              "1.14.6-gke.13",
              "1.14.6-gke.2",
              "1.14.6-gke.1",
              "1.14.3-gke.11",
              "1.14.3-gke.10",
              "1.14.3-gke.9",
              "1.14.2-gke.9",
              "1.14.1-gke.5",
              "1.13.12-gke.30",
              "1.13.12-gke.25",
              "1.13.12-gke.17",
              "1.13.12-gke.16",
              "1.13.12-gke.14",
              "1.13.12-gke.13",
              "1.13.12-gke.10",
              "1.13.12-gke.8",
              "1.13.12-gke.4",
              "1.13.12-gke.2",
              "1.13.11-gke.23",
              "1.13.11-gke.15",
              "1.13.11-gke.14",
              "1.13.11-gke.12",
              "1.13.11-gke.11",
              "1.13.11-gke.9",
              "1.13.11-gke.5",
              "1.13.10-gke.7",
              "1.13.10-gke.0",
              "1.13.9-gke.11",
              "1.13.9-gke.3",
              "1.13.7-gke.24",
              "1.13.7-gke.19",
              "1.13.7-gke.15",
              "1.13.7-gke.8",
              "1.13.7-gke.0",
              "1.13.6-gke.13",
              "1.13.6-gke.6",
              "1.13.6-gke.5",
              "1.13.6-gke.0",
              "1.13.5-gke.10",
              "1.12.10-gke.22",
              "1.12.10-gke.20",
              "1.12.10-gke.19",
              "1.12.10-gke.18",
              "1.12.10-gke.17",
              "1.12.10-gke.15",
              "1.12.10-gke.13",
              "1.12.10-gke.11",
              "1.12.10-gke.5",
              "1.12.9-gke.16",
              "1.12.9-gke.15",
              "1.12.9-gke.13",
              "1.12.9-gke.10",
              "1.12.9-gke.7",
              "1.12.9-gke.3",
              "1.12.8-gke.12",
              "1.12.8-gke.10",
              "1.12.8-gke.7",
              "1.12.8-gke.6",
              "1.12.7-gke.26",
              "1.12.7-gke.25",
              "1.12.7-gke.24",
              "1.12.7-gke.22",
              "1.12.7-gke.21",
              "1.12.7-gke.17",
              "1.12.7-gke.10",
              "1.12.7-gke.7",
              "1.12.6-gke.11",
              "1.12.6-gke.10",
              "1.12.6-gke.7",
              "1.12.5-gke.10",
              "1.12.5-gke.5",
              "1.11.10-gke.6",
              "1.11.10-gke.5"
            ],
            "version_prefix": null
          },
          "sensitive_attributes": []
        }
      ]
    },
    {
      "module": "module.primary-cluster",
      "mode": "data",
      "type": "google_container_engine_versions",
      "name": "zone",
      "provider": "provider[\"registry.terraform.io/hashicorp/google\"]",
      "instances": [
        {
          "schema_version": 0,
          "attributes": {
            "default_cluster_version": "1.19.9-gke.1900",
            "id": "2021-06-14 12:32:47.329459183 +0000 UTC",
            "latest_master_version": "1.19.10-gke.1700",
            "latest_node_version": "1.19.10-gke.1700",
            "location": "us-central1-a",
            "project": "bcm-pcidss-devops-jenkins",
            "release_channel_default_version": {
              "RAPID": "1.20.6-gke.1000",
              "REGULAR": "1.19.9-gke.1900",
              "STABLE": "1.18.17-gke.1200"
            },
            "valid_master_versions": [
              "1.19.10-gke.1700",
              "1.19.10-gke.1600",
              "1.19.10-gke.1000",
              "1.19.9-gke.1900",
              "1.19.9-gke.1400",
              "1.19.8-gke.1600",
              "1.18.18-gke.1700",
              "1.18.18-gke.1100",
              "1.18.17-gke.1900",
              "1.18.17-gke.1200",
              "1.18.17-gke.700",
              "1.18.17-gke.100",
              "1.17.17-gke.8200",
              "1.17.17-gke.7800",
              "1.17.17-gke.7200",
              "1.17.17-gke.6700",
              "1.17.17-gke.6000",
              "1.17.17-gke.5400",
              "1.17.17-gke.4900",
              "1.17.17-gke.4400",
              "1.17.17-gke.3700"
            ],
            "valid_node_versions": [
              "1.19.10-gke.1700",
              "1.19.10-gke.1600",
              "1.19.10-gke.1000",
              "1.19.9-gke.1900",
              "1.19.9-gke.1400",
              "1.19.9-gke.700",
              "1.19.9-gke.100",
              "1.19.8-gke.2000",
              "1.19.8-gke.1600",
              "1.19.8-gke.1000",
              "1.19.7-gke.2503",
              "1.19.7-gke.1500",
              "1.19.7-gke.1302",
              "1.19.7-gke.800",
              "1.19.6-gke.1700",
              "1.19.6-gke.1100",
              "1.19.6-gke.600",
              "1.18.18-gke.1700",
              "1.18.18-gke.1100",
              "1.18.17-gke.1900",
              "1.18.17-gke.1200",
              "1.18.17-gke.700",
              "1.18.17-gke.100",
              "1.18.16-gke.2100",
              "1.18.16-gke.1201",
              "1.18.16-gke.1200",
              "1.18.16-gke.502",
              "1.18.16-gke.500",
              "1.18.16-gke.302",
              "1.18.16-gke.300",
              "1.18.15-gke.2500",
              "1.18.15-gke.1502",
              "1.18.15-gke.1501",
              "1.18.15-gke.1500",
              "1.18.15-gke.1102",
              "1.18.15-gke.1100",
              "1.18.15-gke.800",
              "1.18.14-gke.1600",
              "1.18.14-gke.1200",
              "1.18.12-gke.1210",
              "1.18.12-gke.1206",
              "1.18.12-gke.1205",
              "1.18.12-gke.1201",
              "1.18.12-gke.1200",
              "1.18.12-gke.300",
              "1.18.10-gke.2701",
              "1.18.10-gke.2101",
              "1.18.10-gke.1500",
              "1.18.10-gke.601",
              "1.18.9-gke.2501",
              "1.18.9-gke.1501",
              "1.18.9-gke.801",
              "1.18.6-gke.4801",
              "1.18.6-gke.3504",
              "1.18.6-gke.3503",
              "1.17.17-gke.8500",
              "1.17.17-gke.8200",
              "1.17.17-gke.7800",
              "1.17.17-gke.7200",
              "1.17.17-gke.6700",
              "1.17.17-gke.6000",
              "1.17.17-gke.5400",
              "1.17.17-gke.4900",
              "1.17.17-gke.4400",
              "1.17.17-gke.3700",
              "1.17.17-gke.3000",
              "1.17.17-gke.2800",
              "1.17.17-gke.2500",
              "1.17.17-gke.1500",
              "1.17.17-gke.1101",
              "1.17.17-gke.1100",
              "1.17.17-gke.600",
              "1.17.16-gke.1600",
              "1.17.16-gke.1300",
              "1.17.15-gke.800",
              "1.17.15-gke.300",
              "1.17.14-gke.1600",
              "1.17.14-gke.1200",
              "1.17.14-gke.400",
              "1.17.13-gke.2600",
              "1.17.13-gke.2001",
              "1.17.13-gke.1401",
              "1.17.13-gke.1400",
              "1.17.13-gke.600",
              "1.17.12-gke.2502",
              "1.17.12-gke.1504",
              "1.17.12-gke.1501",
              "1.17.12-gke.500",
              "1.17.9-gke.6300",
              "1.17.9-gke.1504",
              "1.16.15-gke.14800",
              "1.16.15-gke.12500",
              "1.16.15-gke.11800",
              "1.16.15-gke.10600",
              "1.16.15-gke.7801",
              "1.16.15-gke.7800",
              "1.16.15-gke.7300",
              "1.16.15-gke.6900",
              "1.16.15-gke.6000",
              "1.16.15-gke.5500",
              "1.16.15-gke.4901",
              "1.16.15-gke.4301",
              "1.16.15-gke.4300",
              "1.16.15-gke.3500",
              "1.16.15-gke.2601",
              "1.16.15-gke.1600",
              "1.16.15-gke.500",
              "1.16.13-gke.404",
              "1.16.13-gke.403",
              "1.16.13-gke.401",
              "1.16.13-gke.400",
              "1.16.13-gke.1",
              "1.16.11-gke.5",
              "1.16.10-gke.8",
              "1.16.9-gke.6",
              "1.16.9-gke.2",
              "1.16.8-gke.15",
              "1.16.8-gke.12",
              "1.16.8-gke.9",
              "1.15.12-gke.6002",
              "1.15.12-gke.6001",
              "1.15.12-gke.5000",
              "1.15.12-gke.4002",
              "1.15.12-gke.4000",
              "1.15.12-gke.20",
              "1.15.12-gke.17",
              "1.15.12-gke.16",
              "1.15.12-gke.13",
              "1.15.12-gke.9",
              "1.15.12-gke.6",
              "1.15.12-gke.3",
              "1.15.12-gke.2",
              "1.15.11-gke.17",
              "1.15.11-gke.15",
              "1.15.11-gke.13",
              "1.15.11-gke.12",
              "1.15.11-gke.11",
              "1.15.11-gke.9",
              "1.15.11-gke.5",
              "1.15.11-gke.3",
              "1.15.11-gke.1",
              "1.15.9-gke.26",
              "1.15.9-gke.24",
              "1.15.9-gke.22",
              "1.15.9-gke.12",
              "1.15.9-gke.9",
              "1.15.9-gke.8",
              "1.15.8-gke.3",
              "1.15.8-gke.2",
              "1.15.7-gke.23",
              "1.15.7-gke.2",
              "1.15.4-gke.22",
              "1.14.10-gke.1504",
              "1.14.10-gke.902",
              "1.14.10-gke.50",
              "1.14.10-gke.46",
              "1.14.10-gke.45",
              "1.14.10-gke.42",
              "1.14.10-gke.41",
              "1.14.10-gke.40",
              "1.14.10-gke.37",
              "1.14.10-gke.36",
              "1.14.10-gke.34",
              "1.14.10-gke.32",
              "1.14.10-gke.31",
              "1.14.10-gke.27",
              "1.14.10-gke.24",
              "1.14.10-gke.22",
              "1.14.10-gke.21",
              "1.14.10-gke.17",
              "1.14.10-gke.0",
              "1.14.9-gke.23",
              "1.14.9-gke.2",
              "1.14.9-gke.0",
              "1.14.8-gke.33",
              "1.14.8-gke.21",
              "1.14.8-gke.18",
              "1.14.8-gke.17",
              "1.14.8-gke.14",
              "1.14.8-gke.12",
              "1.14.8-gke.7",
              "1.14.8-gke.2",
              "1.14.7-gke.40",
              "1.14.7-gke.25",
              "1.14.7-gke.23",
              "1.14.7-gke.17",
              "1.14.7-gke.14",
              "1.14.7-gke.10",
              "1.14.6-gke.13",
              "1.14.6-gke.2",
              "1.14.6-gke.1",
              "1.14.3-gke.11",
              "1.14.3-gke.10",
              "1.14.3-gke.9",
              "1.14.2-gke.9",
              "1.14.1-gke.5",
              "1.13.12-gke.30",
              "1.13.12-gke.25",
              "1.13.12-gke.17",
              "1.13.12-gke.16",
              "1.13.12-gke.14",
              "1.13.12-gke.13",
              "1.13.12-gke.10",
              "1.13.12-gke.8",
              "1.13.12-gke.4",
              "1.13.12-gke.2",
              "1.13.11-gke.23",
              "1.13.11-gke.15",
              "1.13.11-gke.14",
              "1.13.11-gke.12",
              "1.13.11-gke.11",
              "1.13.11-gke.9",
              "1.13.11-gke.5",
              "1.13.10-gke.7",
              "1.13.10-gke.0",
              "1.13.9-gke.11",
              "1.13.9-gke.3",
              "1.13.7-gke.24",
              "1.13.7-gke.19",
              "1.13.7-gke.15",
              "1.13.7-gke.8",
              "1.13.7-gke.0",
              "1.13.6-gke.13",
              "1.13.6-gke.6",
              "1.13.6-gke.5",
              "1.13.6-gke.0",
              "1.13.5-gke.10",
              "1.12.10-gke.22",
              "1.12.10-gke.20",
              "1.12.10-gke.19",
              "1.12.10-gke.18",
              "1.12.10-gke.17",
              "1.12.10-gke.15",
              "1.12.10-gke.13",
              "1.12.10-gke.11",
              "1.12.10-gke.5",
              "1.12.9-gke.16",
              "1.12.9-gke.15",
              "1.12.9-gke.13",
              "1.12.9-gke.10",
              "1.12.9-gke.7",
              "1.12.9-gke.3",
              "1.12.8-gke.12",
              "1.12.8-gke.10",
              "1.12.8-gke.7",
              "1.12.8-gke.6",
              "1.12.7-gke.26",
              "1.12.7-gke.25",
              "1.12.7-gke.24",
              "1.12.7-gke.22",
              "1.12.7-gke.21",
              "1.12.7-gke.17",
              "1.12.7-gke.10",
              "1.12.7-gke.7",
              "1.12.6-gke.11",
              "1.12.6-gke.10",
              "1.12.6-gke.7",
              "1.12.5-gke.10",
              "1.12.5-gke.5",
              "1.11.10-gke.6",
              "1.11.10-gke.5"
            ],
            "version_prefix": null
          },
          "sensitive_attributes": []
        }
      ]
    },
    {
      "module": "module.primary-cluster",
      "mode": "managed",
      "type": "google_container_cluster",
      "name": "primary",
      "provider": "provider[\"registry.terraform.io/hashicorp/google-beta\"]",
      "instances": [
        {
          "schema_version": 1,
          "attributes": {
            "addons_config": [
              {
                "cloudrun_config": [],
                "config_connector_config": [
                  {
                    "enabled": false
                  }
                ],
                "dns_cache_config": [
                  {
                    "enabled": false
                  }
                ],
                "gce_persistent_disk_csi_driver_config": [
                  {
                    "enabled": false
                  }
                ],
                "horizontal_pod_autoscaling": [
                  {
                    "disabled": false
                  }
                ],
                "http_load_balancing": [
                  {
                    "disabled": false
                  }
                ],
                "istio_config": [
                  {
                    "auth": "AUTH_MUTUAL_TLS",
                    "disabled": true
                  }
                ],
                "kalm_config": [
                  {
                    "enabled": false
                  }
                ],
                "network_policy_config": [
                  {
                    "disabled": false
                  }
                ]
              }
            ],
            "authenticator_groups_config": [],
            "cluster_autoscaling": [
              {
                "auto_provisioning_defaults": [],
                "autoscaling_profile": "BALANCED",
                "enabled": false,
                "resource_limits": []
              }
            ],
            "cluster_ipv4_cidr": "10.64.0.0/14",
            "cluster_telemetry": [
              {
                "type": "ENABLED"
              }
            ],
            "confidential_nodes": [],
            "database_encryption": [
              {
                "key_name": "",
                "state": "DECRYPTED"
              }
            ],
            "datapath_provider": "",
            "default_max_pods_per_node": 110,
            "default_snat_status": [
              {
                "disabled": false
              }
            ],
            "description": "",
            "enable_autopilot": false,
            "enable_binary_authorization": false,
            "enable_intranode_visibility": false,
            "enable_kubernetes_alpha": false,
            "enable_l4_ilb_subsetting": false,
            "enable_legacy_abac": false,
            "enable_shielded_nodes": true,
            "enable_tpu": false,
            "endpoint": "35.225.161.98",
            "id": "projects/bcm-pcidss-devops-jenkins/locations/us-central1-a/clusters/primary",
            "initial_node_count": 0,
            "instance_group_urls": [
              "https://www.googleapis.com/compute/beta/projects/bcm-pcidss-devops-jenkins/zones/us-central1-a/instanceGroups/gke-primary-default-pool-12a3ff16-grp",
              "https://www.googleapis.com/compute/beta/projects/bcm-pcidss-devops-jenkins/zones/us-central1-a/instanceGroups/gke-primary-default-node-pool-36ee8136-grp"
            ],
            "ip_allocation_policy": [
              {
                "cluster_ipv4_cidr_block": "10.64.0.0/14",
                "cluster_secondary_range_name": "gke-primary-pods-664be796",
                "services_ipv4_cidr_block": "10.68.0.0/20",
                "services_secondary_range_name": "gke-primary-services-664be796"
              }
            ],
            "label_fingerprint": "a3ccdb77",
            "location": "us-central1-a",
            "logging_service": "logging.googleapis.com/kubernetes",
            "maintenance_policy": [
              {
                "daily_maintenance_window": [
                  {
                    "duration": "PT4H0M0S",
                    "start_time": "05:00"
                  }
                ],
                "maintenance_exclusion": [],
                "recurring_window": []
              }
            ],
            "master_auth": [
              {
                "client_certificate": "",
                "client_certificate_config": [
                  {
                    "issue_client_certificate": false
                  }
                ],
                "client_key": "",
                "cluster_ca_certificate": "LS0tLS1CRUdJTiBDRVJUSUZJQ0FURS0tLS0tCk1JSURLakNDQWhLZ0F3SUJBZ0lRVlR1N3F0alRYSHVNbzlyenhxWGVnREFOQmdrcWhraUc5dzBCQVFzRkFEQXYKTVMwd0t3WURWUVFERXlRNE5qUXhNRFJqWmkxalpUazBMVFF4TVRndFlqQmxOaTFsTURJeU1XTmtOR1kzTTJFdwpIaGNOTWpFd05qRTBNRGcxT0RNd1doY05Nall3TmpFek1EazFPRE13V2pBdk1TMHdLd1lEVlFRREV5UTROalF4Ck1EUmpaaTFqWlRrMExUUXhNVGd0WWpCbE5pMWxNREl5TVdOa05HWTNNMkV3Z2dFaU1BMEdDU3FHU0liM0RRRUIKQVFVQUE0SUJEd0F3Z2dFS0FvSUJBUUN4elBlZXpqSERtWUxGeXpYN1llamZ1aGk4V2FKeTYvSkYwcUwzWTlsOQo2N3VpbTNWaW93azhWUkZSZnJzOUtJUUFaSXRIb1BnZlhKZEYvVTJsMllqSlBNVTNvaXJ6UkhUaXBsUjdmT3hBCmhlRHJtRU1WTnlqVldHS2Y4UlhmbnlKSmd6V1BnTGZEckk3YnY5NkFOdndOaXJIK3hZTGNLMzlFbGE0OHFYeEcKaFZNb29Fak9CYlRlMWdsTlRVTWtzZDQ4ZEdKZzNLU0FadGtHWmdFNEM4U2YwZmIxMFRVUzh4UTd5a2F6ZG1abQpjN25oYVBRSGxBTzFtNFpGeGNHb1RTd3NONlZQOEpGODQ2NU9QdEIzcXFoVVQ4ZzhvbFROeVh0VnVDRW9DNUFVCkRGdGlVcUxlQ3BWUjJhSmhSSkc3WU1ubzgxeGtoS21EQW03cERVWmZJOTMvQWdNQkFBR2pRakJBTUE0R0ExVWQKRHdFQi93UUVBd0lDQkRBUEJnTlZIUk1CQWY4RUJUQURBUUgvTUIwR0ExVWREZ1FXQkJRNDQvWnQxeEpiZ1NUSAp3ejJxTnJjNXMxTWxyREFOQmdrcWhraUc5dzBCQVFzRkFBT0NBUUVBSWl2dERvOEMzVHpXb29pSWFFQUZtd0VoCkpWaHo0SUZUL1hMMGI5QU8xVVNnSVBaaWlGcnBaV3JCQTRFM0xZV3lZVjE5NnJFdUMvQXRFSDl2emthWDZhbXQKeGpkRXZuVmtrSDdRTVJBb0NCVlRDU25VMkVyRnBMZDVFWUplY1FVUWJ2YitMaGZoc0pVSWJiYnAybzhGTlZMegpBK0JpOEExOUltaysrYnB6QXowTkl0NzBuQ20yV0s2M0V5WWNnN0hURERDNDJVajNEb0dQT3ZPdVFlbGZoeE9uCkR0Q0d1UkdLUDA5ZjJSS2s3REU5enpTSnBkenoyK0NzWk16VFhocXB3dlRJTkwvcVhZQ0dDVXVWQXU0bTVUalQKaC9YS0I5djZVKzE1TlY2UjZJaWtYcVJPLzFHMUx4OHR6VTZQTlMvbTZ1UVp3MXMxU3FoMit6QmhWWFcwVFE9PQotLS0tLUVORCBDRVJUSUZJQ0FURS0tLS0tCg==",
                "password": "",
                "username": ""
              }
            ],
            "master_authorized_networks_config": [],
            "master_version": "1.19.9-gke.1900",
            "min_master_version": null,
            "monitoring_service": "monitoring.googleapis.com/kubernetes",
            "name": "primary",
            "network": "projects/bcm-pcidss-devops-jenkins/global/networks/default",
            "network_policy": [
              {
                "enabled": true,
                "provider": "CALICO"
              }
            ],
            "networking_mode": "VPC_NATIVE",
            "node_config": [
              {
                "boot_disk_kms_key": "",
                "disk_size_gb": 100,
                "disk_type": "pd-standard",
                "ephemeral_storage_config": [],
                "guest_accelerator": [],
                "image_type": "COS_CONTAINERD",
                "kubelet_config": [],
                "labels": {},
                "linux_node_config": [],
                "local_ssd_count": 0,
                "machine_type": "e2-medium",
                "metadata": {
                  "disable-legacy-endpoints": "true"
                },
                "min_cpu_platform": "",
                "oauth_scopes": [
                  "https://www.googleapis.com/auth/logging.write",
                  "https://www.googleapis.com/auth/monitoring"
                ],
                "preemptible": false,
                "sandbox_config": [],
                "service_account": "tf-gke-primary-mscv@bcm-pcidss-devops-jenkins.iam.gserviceaccount.com",
                "shielded_instance_config": [
                  {
                    "enable_integrity_monitoring": true,
                    "enable_secure_boot": false
                  }
                ],
                "tags": [],
                "taint": [],
                "workload_metadata_config": [
                  {
                    "node_metadata": "GKE_METADATA_SERVER"
                  }
                ]
              }
            ],
            "node_locations": [],
            "node_pool": [
              {
                "autoscaling": [],
                "initial_node_count": 0,
                "instance_group_urls": [
                  "https://www.googleapis.com/compute/v1/projects/bcm-pcidss-devops-jenkins/zones/us-central1-a/instanceGroupManagers/gke-primary-default-pool-12a3ff16-grp"
                ],
                "management": [
                  {
                    "auto_repair": true,
                    "auto_upgrade": true
                  }
                ],
                "max_pods_per_node": 110,
                "name": "default-pool",
                "name_prefix": "",
                "node_config": [
                  {
                    "boot_disk_kms_key": "",
                    "disk_size_gb": 100,
                    "disk_type": "pd-standard",
                    "ephemeral_storage_config": [],
                    "guest_accelerator": [],
                    "image_type": "COS_CONTAINERD",
                    "kubelet_config": [],
                    "labels": {},
                    "linux_node_config": [],
                    "local_ssd_count": 0,
                    "machine_type": "e2-medium",
                    "metadata": {
                      "disable-legacy-endpoints": "true"
                    },
                    "min_cpu_platform": "",
                    "oauth_scopes": [
                      "https://www.googleapis.com/auth/logging.write",
                      "https://www.googleapis.com/auth/monitoring"
                    ],
                    "preemptible": false,
                    "sandbox_config": [],
                    "service_account": "tf-gke-primary-mscv@bcm-pcidss-devops-jenkins.iam.gserviceaccount.com",
                    "shielded_instance_config": [
                      {
                        "enable_integrity_monitoring": true,
                        "enable_secure_boot": false
                      }
                    ],
                    "tags": [],
                    "taint": [],
                    "workload_metadata_config": [
                      {
                        "node_metadata": "GKE_METADATA_SERVER"
                      }
                    ]
                  }
                ],
                "node_count": 0,
                "node_locations": [
                  "us-central1-a"
                ],
                "upgrade_settings": [
                  {
                    "max_surge": 1,
                    "max_unavailable": 0
                  }
                ],
                "version": "1.19.9-gke.1900"
              },
              {
                "autoscaling": [],
                "initial_node_count": 3,
                "instance_group_urls": [
                  "https://www.googleapis.com/compute/v1/projects/bcm-pcidss-devops-jenkins/zones/us-central1-a/instanceGroupManagers/gke-primary-default-node-pool-36ee8136-grp"
                ],
                "management": [
                  {
                    "auto_repair": true,
                    "auto_upgrade": true
                  }
                ],
                "max_pods_per_node": 110,
                "name": "default-node-pool",
                "name_prefix": "",
                "node_config": [
                  {
                    "boot_disk_kms_key": "",
                    "disk_size_gb": 100,
                    "disk_type": "pd-standard",
                    "ephemeral_storage_config": [],
                    "guest_accelerator": [],
                    "image_type": "COS",
                    "kubelet_config": [],
                    "labels": {
                      "cluster_name": "primary",
                      "node_pool": "default-node-pool"
                    },
                    "linux_node_config": [],
                    "local_ssd_count": 0,
                    "machine_type": "e2-standard-4",
                    "metadata": {
                      "cluster_name": "primary",
                      "disable-legacy-endpoints": "true",
                      "node_pool": "default-node-pool"
                    },
                    "min_cpu_platform": "",
                    "oauth_scopes": [
                      "https://www.googleapis.com/auth/cloud-platform"
                    ],
                    "preemptible": false,
                    "sandbox_config": [],
                    "service_account": "tf-gke-primary-mscv@bcm-pcidss-devops-jenkins.iam.gserviceaccount.com",
                    "shielded_instance_config": [
                      {
                        "enable_integrity_monitoring": true,
                        "enable_secure_boot": false
                      }
                    ],
                    "tags": [
                      "gke-primary",
                      "gke-primary-default-node-pool"
                    ],
                    "taint": [],
                    "workload_metadata_config": [
                      {
                        "node_metadata": "GKE_METADATA_SERVER"
                      }
                    ]
                  }
                ],
                "node_count": 3,
                "node_locations": [
                  "us-central1-a"
                ],
                "upgrade_settings": [
                  {
                    "max_surge": 1,
                    "max_unavailable": 0
                  }
                ],
                "version": "1.19.9-gke.1900"
              }
            ],
            "node_version": "1.19.9-gke.1900",
            "notification_config": [
              {
                "pubsub": [
                  {
                    "enabled": false,
                    "topic": ""
                  }
                ]
              }
            ],
            "operation": null,
            "pod_security_policy_config": [
              {
                "enabled": false
              }
            ],
            "private_cluster_config": [],
            "private_ipv6_google_access": "",
            "project": "bcm-pcidss-devops-jenkins",
            "release_channel": [
              {
                "channel": "REGULAR"
              }
            ],
            "remove_default_node_pool": false,
            "resource_labels": {
              "mesh_id": "proj-537676479365"
            },
            "resource_usage_export_config": [],
            "self_link": "https://container.googleapis.com/v1beta1/projects/bcm-pcidss-devops-jenkins/zones/us-central1-a/clusters/primary",
            "services_ipv4_cidr": "10.68.0.0/20",
            "subnetwork": "projects/bcm-pcidss-devops-jenkins/regions/us-central1/subnetworks/default",
            "timeouts": {
              "create": "45m",
              "delete": "45m",
              "read": null,
              "update": "45m"
            },
            "tpu_ipv4_cidr_block": "",
            "vertical_pod_autoscaling": [
              {
                "enabled": false
              }
            ],
            "workload_identity_config": [
              {
                "identity_namespace": "bcm-pcidss-devops-jenkins.svc.id.goog"
              }
            ]
          },
          "sensitive_attributes": [],
          "private": "eyJlMmJmYjczMC1lY2FhLTExZTYtOGY4OC0zNDM2M2JjN2M0YzAiOnsiY3JlYXRlIjoyNzAwMDAwMDAwMDAwLCJkZWxldGUiOjI3MDAwMDAwMDAwMDAsInJlYWQiOjI0MDAwMDAwMDAwMDAsInVwZGF0ZSI6MjcwMDAwMDAwMDAwMH0sInNjaGVtYV92ZXJzaW9uIjoiMSJ9",
          "dependencies": [
            "data.google_client_config.current",
            "data.google_project.project",
            "module.primary-cluster.data.google_compute_zones.available",
            "module.primary-cluster.data.google_container_engine_versions.region",
            "module.primary-cluster.data.google_container_engine_versions.zone",
            "module.primary-cluster.google_service_account.cluster_service_account",
            "module.primary-cluster.random_shuffle.available_zones",
            "module.primary-cluster.random_string.cluster_service_account_suffix",
            "module.project-services.google_project_service.project_services"
          ]
        }
      ]
    },
    {
      "module": "module.primary-cluster",
      "mode": "managed",
      "type": "google_container_node_pool",
      "name": "pools",
      "provider": "provider[\"registry.terraform.io/hashicorp/google-beta\"]",
      "instances": [
        {
          "index_key": "default-node-pool",
          "schema_version": 1,
          "attributes": {
            "autoscaling": [],
            "cluster": "primary",
            "id": "projects/bcm-pcidss-devops-jenkins/locations/us-central1-a/clusters/primary/nodePools/default-node-pool",
            "initial_node_count": 3,
            "instance_group_urls": [
              "https://www.googleapis.com/compute/v1/projects/bcm-pcidss-devops-jenkins/zones/us-central1-a/instanceGroupManagers/gke-primary-default-node-pool-36ee8136-grp"
            ],
            "location": "us-central1-a",
            "management": [
              {
                "auto_repair": true,
                "auto_upgrade": true
              }
            ],
            "max_pods_per_node": 110,
            "name": "default-node-pool",
            "name_prefix": "",
            "node_config": [
              {
                "boot_disk_kms_key": "",
                "disk_size_gb": 100,
                "disk_type": "pd-standard",
                "ephemeral_storage_config": [],
                "guest_accelerator": [],
                "image_type": "COS",
                "kubelet_config": [],
                "labels": {
                  "cluster_name": "primary",
                  "node_pool": "default-node-pool"
                },
                "linux_node_config": [],
                "local_ssd_count": 0,
                "machine_type": "e2-standard-4",
                "metadata": {
                  "cluster_name": "primary",
                  "disable-legacy-endpoints": "true",
                  "node_pool": "default-node-pool"
                },
                "min_cpu_platform": "",
                "oauth_scopes": [
                  "https://www.googleapis.com/auth/cloud-platform"
                ],
                "preemptible": false,
                "sandbox_config": [],
                "service_account": "tf-gke-primary-mscv@bcm-pcidss-devops-jenkins.iam.gserviceaccount.com",
                "shielded_instance_config": [
                  {
                    "enable_integrity_monitoring": true,
                    "enable_secure_boot": false
                  }
                ],
                "tags": [
                  "gke-primary",
                  "gke-primary-default-node-pool"
                ],
                "taint": [],
                "workload_metadata_config": [
                  {
                    "node_metadata": "GKE_METADATA_SERVER"
                  }
                ]
              }
            ],
            "node_count": 3,
            "node_locations": [
              "us-central1-a"
            ],
            "operation": null,
            "project": "bcm-pcidss-devops-jenkins",
            "timeouts": {
              "create": "45m",
              "delete": "45m",
              "update": "45m"
            },
            "upgrade_settings": [
              {
                "max_surge": 1,
                "max_unavailable": 0
              }
            ],
            "version": "1.19.9-gke.1900"
          },
          "sensitive_attributes": [],
          "private": "eyJlMmJmYjczMC1lY2FhLTExZTYtOGY4OC0zNDM2M2JjN2M0YzAiOnsiY3JlYXRlIjoyNzAwMDAwMDAwMDAwLCJkZWxldGUiOjI3MDAwMDAwMDAwMDAsInVwZGF0ZSI6MjcwMDAwMDAwMDAwMH0sInNjaGVtYV92ZXJzaW9uIjoiMSJ9",
          "dependencies": [
            "data.google_client_config.current",
            "data.google_project.project",
            "module.primary-cluster.data.google_compute_zones.available",
            "module.primary-cluster.data.google_container_engine_versions.region",
            "module.primary-cluster.data.google_container_engine_versions.zone",
            "module.primary-cluster.google_container_cluster.primary",
            "module.primary-cluster.google_service_account.cluster_service_account",
            "module.primary-cluster.random_shuffle.available_zones",
            "module.primary-cluster.random_string.cluster_service_account_suffix",
            "module.project-services.google_project_service.project_services"
          ]
        }
      ]
    },
    {
      "module": "module.primary-cluster",
      "mode": "managed",
      "type": "google_project_iam_member",
      "name": "cluster_service_account-metric_writer",
      "provider": "provider[\"registry.terraform.io/hashicorp/google\"]",
      "instances": []
    },
    {
      "module": "module.primary-cluster",
      "mode": "managed",
      "type": "google_project_iam_member",
      "name": "cluster_service_account-monitoring_viewer",
      "provider": "provider[\"registry.terraform.io/hashicorp/google\"]",
      "instances": []
    },
    {
      "module": "module.primary-cluster",
      "mode": "managed",
      "type": "google_project_iam_member",
      "name": "cluster_service_account-resourceMetadata-writer",
      "provider": "provider[\"registry.terraform.io/hashicorp/google\"]",
      "instances": []
    },
    {
      "module": "module.primary-cluster",
      "mode": "managed",
      "type": "google_service_account",
      "name": "cluster_service_account",
      "provider": "provider[\"registry.terraform.io/hashicorp/google\"]",
      "instances": [
        {
          "index_key": 0,
          "schema_version": 0,
          "attributes": {
            "account_id": "tf-gke-primary-mscv",
            "description": "",
            "display_name": "Terraform-managed service account for cluster primary",
            "email": "tf-gke-primary-mscv@bcm-pcidss-devops-jenkins.iam.gserviceaccount.com",
            "id": "projects/bcm-pcidss-devops-jenkins/serviceAccounts/tf-gke-primary-mscv@bcm-pcidss-devops-jenkins.iam.gserviceaccount.com",
            "name": "projects/bcm-pcidss-devops-jenkins/serviceAccounts/tf-gke-primary-mscv@bcm-pcidss-devops-jenkins.iam.gserviceaccount.com",
            "project": "bcm-pcidss-devops-jenkins",
            "timeouts": null,
            "unique_id": "103813252429768558293"
          },
          "sensitive_attributes": [],
          "private": "eyJlMmJmYjczMC1lY2FhLTExZTYtOGY4OC0zNDM2M2JjN2M0YzAiOnsiY3JlYXRlIjozMDAwMDAwMDAwMDB9fQ==",
          "dependencies": [
            "data.google_client_config.current",
            "module.primary-cluster.random_string.cluster_service_account_suffix",
            "module.project-services.google_project_service.project_services"
          ]
        }
      ]
    },
    {
      "module": "module.primary-cluster",
      "mode": "managed",
      "type": "random_shuffle",
      "name": "available_zones",
      "provider": "provider[\"registry.terraform.io/hashicorp/random\"]",
      "instances": [
        {
          "schema_version": 0,
          "attributes": {
            "id": "-",
            "input": [
              "us-central1-a",
              "us-central1-b",
              "us-central1-c",
              "us-central1-f"
            ],
            "keepers": null,
            "result": [
              "us-central1-b",
              "us-central1-a",
              "us-central1-c"
            ],
            "result_count": 3,
            "seed": null
          },
          "sensitive_attributes": [],
          "private": "bnVsbA==",
          "dependencies": [
            "data.google_client_config.current",
            "module.primary-cluster.data.google_compute_zones.available",
            "module.project-services.google_project_service.project_services"
          ]
        }
      ]
    },
    {
      "module": "module.primary-cluster",
      "mode": "managed",
      "type": "random_string",
      "name": "cluster_service_account_suffix",
      "provider": "provider[\"registry.terraform.io/hashicorp/random\"]",
      "instances": [
        {
          "schema_version": 1,
          "attributes": {
            "id": "mscv",
            "keepers": null,
            "length": 4,
            "lower": true,
            "min_lower": 0,
            "min_numeric": 0,
            "min_special": 0,
            "min_upper": 0,
            "number": true,
            "override_special": null,
            "result": "mscv",
            "special": false,
            "upper": false
          },
          "sensitive_attributes": [],
          "private": "eyJzY2hlbWFfdmVyc2lvbiI6IjEifQ=="
        }
      ]
    },
    {
      "module": "module.primary-cluster.module.gcloud_delete_default_kube_dns_configmap.module.gcloud_kubectl",
      "mode": "managed",
      "type": "null_resource",
      "name": "module_depends_on",
      "provider": "provider[\"registry.terraform.io/hashicorp/null\"]",
      "instances": [
        {
          "index_key": 0,
          "schema_version": 0,
          "attributes": {
            "id": "3137372252006049948",
            "triggers": {
              "value": "3"
            }
          },
          "sensitive_attributes": [],
          "private": "bnVsbA==",
          "dependencies": [
            "data.google_client_config.current",
            "data.google_project.project",
            "module.primary-cluster.data.google_client_config.default",
            "module.primary-cluster.data.google_compute_zones.available",
            "module.primary-cluster.data.google_container_engine_versions.region",
            "module.primary-cluster.data.google_container_engine_versions.zone",
            "module.primary-cluster.google_container_cluster.primary",
            "module.primary-cluster.google_container_node_pool.pools",
            "module.primary-cluster.google_service_account.cluster_service_account",
            "module.primary-cluster.random_shuffle.available_zones",
            "module.primary-cluster.random_string.cluster_service_account_suffix",
            "module.project-services.google_project_service.project_services"
          ]
        }
      ]
    },
    {
      "module": "module.project-services",
      "mode": "managed",
      "type": "google_project_service",
      "name": "project_services",
      "provider": "provider[\"registry.terraform.io/hashicorp/google\"]",
      "instances": [
        {
          "index_key": "anthos.googleapis.com",
          "schema_version": 0,
          "attributes": {
            "disable_dependent_services": true,
            "disable_on_destroy": false,
            "id": "bcm-pcidss-devops-jenkins/anthos.googleapis.com",
            "project": "bcm-pcidss-devops-jenkins",
            "service": "anthos.googleapis.com",
            "timeouts": null
          },
          "sensitive_attributes": [],
          "private": "eyJlMmJmYjczMC1lY2FhLTExZTYtOGY4OC0zNDM2M2JjN2M0YzAiOnsiY3JlYXRlIjoxMjAwMDAwMDAwMDAwLCJkZWxldGUiOjEyMDAwMDAwMDAwMDAsInJlYWQiOjYwMDAwMDAwMDAwMCwidXBkYXRlIjoxMjAwMDAwMDAwMDAwfX0=",
          "dependencies": [
            "data.google_client_config.current"
          ]
        },
        {
          "index_key": "cloudresourcemanager.googleapis.com",
          "schema_version": 0,
          "attributes": {
            "disable_dependent_services": true,
            "disable_on_destroy": false,
            "id": "bcm-pcidss-devops-jenkins/cloudresourcemanager.googleapis.com",
            "project": "bcm-pcidss-devops-jenkins",
            "service": "cloudresourcemanager.googleapis.com",
            "timeouts": null
          },
          "sensitive_attributes": [],
          "private": "eyJlMmJmYjczMC1lY2FhLTExZTYtOGY4OC0zNDM2M2JjN2M0YzAiOnsiY3JlYXRlIjoxMjAwMDAwMDAwMDAwLCJkZWxldGUiOjEyMDAwMDAwMDAwMDAsInJlYWQiOjYwMDAwMDAwMDAwMCwidXBkYXRlIjoxMjAwMDAwMDAwMDAwfX0=",
          "dependencies": [
            "data.google_client_config.current"
          ]
        },
        {
          "index_key": "cloudtrace.googleapis.com",
          "schema_version": 0,
          "attributes": {
            "disable_dependent_services": true,
            "disable_on_destroy": false,
            "id": "bcm-pcidss-devops-jenkins/cloudtrace.googleapis.com",
            "project": "bcm-pcidss-devops-jenkins",
            "service": "cloudtrace.googleapis.com",
            "timeouts": null
          },
          "sensitive_attributes": [],
          "private": "eyJlMmJmYjczMC1lY2FhLTExZTYtOGY4OC0zNDM2M2JjN2M0YzAiOnsiY3JlYXRlIjoxMjAwMDAwMDAwMDAwLCJkZWxldGUiOjEyMDAwMDAwMDAwMDAsInJlYWQiOjYwMDAwMDAwMDAwMCwidXBkYXRlIjoxMjAwMDAwMDAwMDAwfX0=",
          "dependencies": [
            "data.google_client_config.current"
          ]
        },
        {
          "index_key": "compute.googleapis.com",
          "schema_version": 0,
          "attributes": {
            "disable_dependent_services": true,
            "disable_on_destroy": false,
            "id": "bcm-pcidss-devops-jenkins/compute.googleapis.com",
            "project": "bcm-pcidss-devops-jenkins",
            "service": "compute.googleapis.com",
            "timeouts": null
          },
          "sensitive_attributes": [],
          "private": "eyJlMmJmYjczMC1lY2FhLTExZTYtOGY4OC0zNDM2M2JjN2M0YzAiOnsiY3JlYXRlIjoxMjAwMDAwMDAwMDAwLCJkZWxldGUiOjEyMDAwMDAwMDAwMDAsInJlYWQiOjYwMDAwMDAwMDAwMCwidXBkYXRlIjoxMjAwMDAwMDAwMDAwfX0=",
          "dependencies": [
            "data.google_client_config.current"
          ]
        },
        {
          "index_key": "container.googleapis.com",
          "schema_version": 0,
          "attributes": {
            "disable_dependent_services": true,
            "disable_on_destroy": false,
            "id": "bcm-pcidss-devops-jenkins/container.googleapis.com",
            "project": "bcm-pcidss-devops-jenkins",
            "service": "container.googleapis.com",
            "timeouts": null
          },
          "sensitive_attributes": [],
          "private": "eyJlMmJmYjczMC1lY2FhLTExZTYtOGY4OC0zNDM2M2JjN2M0YzAiOnsiY3JlYXRlIjoxMjAwMDAwMDAwMDAwLCJkZWxldGUiOjEyMDAwMDAwMDAwMDAsInJlYWQiOjYwMDAwMDAwMDAwMCwidXBkYXRlIjoxMjAwMDAwMDAwMDAwfX0=",
          "dependencies": [
            "data.google_client_config.current"
          ]
        },
        {
          "index_key": "gkeconnect.googleapis.com",
          "schema_version": 0,
          "attributes": {
            "disable_dependent_services": true,
            "disable_on_destroy": false,
            "id": "bcm-pcidss-devops-jenkins/gkeconnect.googleapis.com",
            "project": "bcm-pcidss-devops-jenkins",
            "service": "gkeconnect.googleapis.com",
            "timeouts": null
          },
          "sensitive_attributes": [],
          "private": "eyJlMmJmYjczMC1lY2FhLTExZTYtOGY4OC0zNDM2M2JjN2M0YzAiOnsiY3JlYXRlIjoxMjAwMDAwMDAwMDAwLCJkZWxldGUiOjEyMDAwMDAwMDAwMDAsInJlYWQiOjYwMDAwMDAwMDAwMCwidXBkYXRlIjoxMjAwMDAwMDAwMDAwfX0=",
          "dependencies": [
            "data.google_client_config.current"
          ]
        },
        {
          "index_key": "gkehub.googleapis.com",
          "schema_version": 0,
          "attributes": {
            "disable_dependent_services": true,
            "disable_on_destroy": false,
            "id": "bcm-pcidss-devops-jenkins/gkehub.googleapis.com",
            "project": "bcm-pcidss-devops-jenkins",
            "service": "gkehub.googleapis.com",
            "timeouts": null
          },
          "sensitive_attributes": [],
          "private": "eyJlMmJmYjczMC1lY2FhLTExZTYtOGY4OC0zNDM2M2JjN2M0YzAiOnsiY3JlYXRlIjoxMjAwMDAwMDAwMDAwLCJkZWxldGUiOjEyMDAwMDAwMDAwMDAsInJlYWQiOjYwMDAwMDAwMDAwMCwidXBkYXRlIjoxMjAwMDAwMDAwMDAwfX0=",
          "dependencies": [
            "data.google_client_config.current"
          ]
        },
        {
          "index_key": "iam.googleapis.com",
          "schema_version": 0,
          "attributes": {
            "disable_dependent_services": true,
            "disable_on_destroy": false,
            "id": "bcm-pcidss-devops-jenkins/iam.googleapis.com",
            "project": "bcm-pcidss-devops-jenkins",
            "service": "iam.googleapis.com",
            "timeouts": null
          },
          "sensitive_attributes": [],
          "private": "eyJlMmJmYjczMC1lY2FhLTExZTYtOGY4OC0zNDM2M2JjN2M0YzAiOnsiY3JlYXRlIjoxMjAwMDAwMDAwMDAwLCJkZWxldGUiOjEyMDAwMDAwMDAwMDAsInJlYWQiOjYwMDAwMDAwMDAwMCwidXBkYXRlIjoxMjAwMDAwMDAwMDAwfX0=",
          "dependencies": [
            "data.google_client_config.current"
          ]
        },
        {
          "index_key": "iamcredentials.googleapis.com",
          "schema_version": 0,
          "attributes": {
            "disable_dependent_services": true,
            "disable_on_destroy": false,
            "id": "bcm-pcidss-devops-jenkins/iamcredentials.googleapis.com",
            "project": "bcm-pcidss-devops-jenkins",
            "service": "iamcredentials.googleapis.com",
            "timeouts": null
          },
          "sensitive_attributes": [],
          "private": "eyJlMmJmYjczMC1lY2FhLTExZTYtOGY4OC0zNDM2M2JjN2M0YzAiOnsiY3JlYXRlIjoxMjAwMDAwMDAwMDAwLCJkZWxldGUiOjEyMDAwMDAwMDAwMDAsInJlYWQiOjYwMDAwMDAwMDAwMCwidXBkYXRlIjoxMjAwMDAwMDAwMDAwfX0=",
          "dependencies": [
            "data.google_client_config.current"
          ]
        },
        {
          "index_key": "logging.googleapis.com",
          "schema_version": 0,
          "attributes": {
            "disable_dependent_services": true,
            "disable_on_destroy": false,
            "id": "bcm-pcidss-devops-jenkins/logging.googleapis.com",
            "project": "bcm-pcidss-devops-jenkins",
            "service": "logging.googleapis.com",
            "timeouts": null
          },
          "sensitive_attributes": [],
          "private": "eyJlMmJmYjczMC1lY2FhLTExZTYtOGY4OC0zNDM2M2JjN2M0YzAiOnsiY3JlYXRlIjoxMjAwMDAwMDAwMDAwLCJkZWxldGUiOjEyMDAwMDAwMDAwMDAsInJlYWQiOjYwMDAwMDAwMDAwMCwidXBkYXRlIjoxMjAwMDAwMDAwMDAwfX0=",
          "dependencies": [
            "data.google_client_config.current"
          ]
        },
        {
          "index_key": "meshca.googleapis.com",
          "schema_version": 0,
          "attributes": {
            "disable_dependent_services": true,
            "disable_on_destroy": false,
            "id": "bcm-pcidss-devops-jenkins/meshca.googleapis.com",
            "project": "bcm-pcidss-devops-jenkins",
            "service": "meshca.googleapis.com",
            "timeouts": null
          },
          "sensitive_attributes": [],
          "private": "eyJlMmJmYjczMC1lY2FhLTExZTYtOGY4OC0zNDM2M2JjN2M0YzAiOnsiY3JlYXRlIjoxMjAwMDAwMDAwMDAwLCJkZWxldGUiOjEyMDAwMDAwMDAwMDAsInJlYWQiOjYwMDAwMDAwMDAwMCwidXBkYXRlIjoxMjAwMDAwMDAwMDAwfX0=",
          "dependencies": [
            "data.google_client_config.current"
          ]
        },
        {
          "index_key": "meshconfig.googleapis.com",
          "schema_version": 0,
          "attributes": {
            "disable_dependent_services": true,
            "disable_on_destroy": false,
            "id": "bcm-pcidss-devops-jenkins/meshconfig.googleapis.com",
            "project": "bcm-pcidss-devops-jenkins",
            "service": "meshconfig.googleapis.com",
            "timeouts": null
          },
          "sensitive_attributes": [],
          "private": "eyJlMmJmYjczMC1lY2FhLTExZTYtOGY4OC0zNDM2M2JjN2M0YzAiOnsiY3JlYXRlIjoxMjAwMDAwMDAwMDAwLCJkZWxldGUiOjEyMDAwMDAwMDAwMDAsInJlYWQiOjYwMDAwMDAwMDAwMCwidXBkYXRlIjoxMjAwMDAwMDAwMDAwfX0=",
          "dependencies": [
            "data.google_client_config.current"
          ]
        },
        {
          "index_key": "meshtelemetry.googleapis.com",
          "schema_version": 0,
          "attributes": {
            "disable_dependent_services": true,
            "disable_on_destroy": false,
            "id": "bcm-pcidss-devops-jenkins/meshtelemetry.googleapis.com",
            "project": "bcm-pcidss-devops-jenkins",
            "service": "meshtelemetry.googleapis.com",
            "timeouts": null
          },
          "sensitive_attributes": [],
          "private": "eyJlMmJmYjczMC1lY2FhLTExZTYtOGY4OC0zNDM2M2JjN2M0YzAiOnsiY3JlYXRlIjoxMjAwMDAwMDAwMDAwLCJkZWxldGUiOjEyMDAwMDAwMDAwMDAsInJlYWQiOjYwMDAwMDAwMDAwMCwidXBkYXRlIjoxMjAwMDAwMDAwMDAwfX0=",
          "dependencies": [
            "data.google_client_config.current"
          ]
        },
        {
          "index_key": "monitoring.googleapis.com",
          "schema_version": 0,
          "attributes": {
            "disable_dependent_services": true,
            "disable_on_destroy": false,
            "id": "bcm-pcidss-devops-jenkins/monitoring.googleapis.com",
            "project": "bcm-pcidss-devops-jenkins",
            "service": "monitoring.googleapis.com",
            "timeouts": null
          },
          "sensitive_attributes": [],
          "private": "eyJlMmJmYjczMC1lY2FhLTExZTYtOGY4OC0zNDM2M2JjN2M0YzAiOnsiY3JlYXRlIjoxMjAwMDAwMDAwMDAwLCJkZWxldGUiOjEyMDAwMDAwMDAwMDAsInJlYWQiOjYwMDAwMDAwMDAwMCwidXBkYXRlIjoxMjAwMDAwMDAwMDAwfX0=",
          "dependencies": [
            "data.google_client_config.current"
          ]
        }
      ]
    }
  ]
}
